// !$*UTF8*$!
{
	archiveVersion = 1;
	classes = {
	};
	objectVersion = 46;
	objects = {

/* Begin PBXBuildFile section */
		D7C3A6A816C0912F00A83343 /* orangeButton.png in Resources */ = {isa = PBXBuildFile; fileRef = D7C3A6A616C0912F00A83343 /* orangeButton.png */; };
		D7C3A6A916C0912F00A83343 /* orangeButton@2x.png in Resources */ = {isa = PBXBuildFile; fileRef = D7C3A6A716C0912F00A83343 /* orangeButton@2x.png */; };
		D7C3A6AB16C0929B00A83343 /* greyTexture.png in Resources */ = {isa = PBXBuildFile; fileRef = D7C3A6AA16C0929B00A83343 /* greyTexture.png */; };
		D7C40EF916BCAFCE0063E447 /* UIKit.framework in Frameworks */ = {isa = PBXBuildFile; fileRef = D7C40EF816BCAFCE0063E447 /* UIKit.framework */; };
		D7C40EFB16BCAFCE0063E447 /* Foundation.framework in Frameworks */ = {isa = PBXBuildFile; fileRef = D7C40EFA16BCAFCE0063E447 /* Foundation.framework */; };
		D7C40EFD16BCAFCE0063E447 /* CoreGraphics.framework in Frameworks */ = {isa = PBXBuildFile; fileRef = D7C40EFC16BCAFCE0063E447 /* CoreGraphics.framework */; };
		D7C40F0316BCAFCE0063E447 /* InfoPlist.strings in Resources */ = {isa = PBXBuildFile; fileRef = D7C40F0116BCAFCE0063E447 /* InfoPlist.strings */; };
		D7C40F0516BCAFCE0063E447 /* main.m in Sources */ = {isa = PBXBuildFile; fileRef = D7C40F0416BCAFCE0063E447 /* main.m */; };
		D7C40F0916BCAFCE0063E447 /* AppDelegate.m in Sources */ = {isa = PBXBuildFile; fileRef = D7C40F0816BCAFCE0063E447 /* AppDelegate.m */; };
		D7C40F0B16BCAFCE0063E447 /* Default.png in Resources */ = {isa = PBXBuildFile; fileRef = D7C40F0A16BCAFCE0063E447 /* Default.png */; };
		D7C40F0D16BCAFCE0063E447 /* Default@2x.png in Resources */ = {isa = PBXBuildFile; fileRef = D7C40F0C16BCAFCE0063E447 /* Default@2x.png */; };
		D7C40F0F16BCAFCE0063E447 /* Default-568h@2x.png in Resources */ = {isa = PBXBuildFile; fileRef = D7C40F0E16BCAFCE0063E447 /* Default-568h@2x.png */; };
		D7C40F1716BCAFCE0063E447 /* SenTestingKit.framework in Frameworks */ = {isa = PBXBuildFile; fileRef = D7C40F1616BCAFCE0063E447 /* SenTestingKit.framework */; };
		D7C40F1816BCAFCE0063E447 /* UIKit.framework in Frameworks */ = {isa = PBXBuildFile; fileRef = D7C40EF816BCAFCE0063E447 /* UIKit.framework */; };
		D7C40F1916BCAFCE0063E447 /* Foundation.framework in Frameworks */ = {isa = PBXBuildFile; fileRef = D7C40EFA16BCAFCE0063E447 /* Foundation.framework */; };
		D7C40F2116BCAFCE0063E447 /* InfoPlist.strings in Resources */ = {isa = PBXBuildFile; fileRef = D7C40F1F16BCAFCE0063E447 /* InfoPlist.strings */; };
		D7C40F2416BCAFCE0063E447 /* BiospartaTests.m in Sources */ = {isa = PBXBuildFile; fileRef = D7C40F2316BCAFCE0063E447 /* BiospartaTests.m */; };
		D7C40F5116BCB0210063E447 /* MosaicData.m in Sources */ = {isa = PBXBuildFile; fileRef = D7C40F4516BCB0210063E447 /* MosaicData.m */; };
		D7C40F5216BCB0210063E447 /* TwoDimentionalArray.m in Sources */ = {isa = PBXBuildFile; fileRef = D7C40F4816BCB0210063E447 /* TwoDimentionalArray.m */; };
		D7C40F5316BCB0210063E447 /* MosaicDataView.m in Sources */ = {isa = PBXBuildFile; fileRef = D7C40F4E16BCB0210063E447 /* MosaicDataView.m */; };
		D7C40F5416BCB0210063E447 /* MosaicView.m in Sources */ = {isa = PBXBuildFile; fileRef = D7C40F5016BCB0210063E447 /* MosaicView.m */; };
		D7C40F5C16BCB15B0063E447 /* MainViewController.m in Sources */ = {isa = PBXBuildFile; fileRef = D7C40F5A16BCB15B0063E447 /* MainViewController.m */; };
		D7C40F5D16BCB15B0063E447 /* MainViewController.xib in Resources */ = {isa = PBXBuildFile; fileRef = D7C40F5B16BCB15B0063E447 /* MainViewController.xib */; };
		D7C40F6216BCB7190063E447 /* CustomMosaicDatasource.m in Sources */ = {isa = PBXBuildFile; fileRef = D7C40F6116BCB7190063E447 /* CustomMosaicDatasource.m */; };
		D7C40F7816BCB77F0063E447 /* data.json in Resources */ = {isa = PBXBuildFile; fileRef = D7C40F6E16BCB77F0063E447 /* data.json */; };
		D7C40F7C16BCD3A20063E447 /* UITableView+ZGParallelView.m in Sources */ = {isa = PBXBuildFile; fileRef = D7C40F7B16BCD3A20063E447 /* UITableView+ZGParallelView.m */; };
		D7C40F8B16BCFB5F0063E447 /* QuartzCore.framework in Frameworks */ = {isa = PBXBuildFile; fileRef = D7C40F8A16BCFB5F0063E447 /* QuartzCore.framework */; };
		D7C4104116BDCAB50063E447 /* ProductListController.m in Sources */ = {isa = PBXBuildFile; fileRef = D7C4103F16BDCAB50063E447 /* ProductListController.m */; };
		D7C4104216BDCAB50063E447 /* ProductListController.xib in Resources */ = {isa = PBXBuildFile; fileRef = D7C4104016BDCAB50063E447 /* ProductListController.xib */; };
		D7C4105216BDFA9E0063E447 /* GKLParallaxPicturesViewController.m in Sources */ = {isa = PBXBuildFile; fileRef = D7C4105116BDFA9D0063E447 /* GKLParallaxPicturesViewController.m */; };
		D7C4105716BDFC730063E447 /* shovel.png in Resources */ = {isa = PBXBuildFile; fileRef = D7C4105516BDFC730063E447 /* shovel.png */; };
		D7C4105816BDFC730063E447 /* shovel@2x.png in Resources */ = {isa = PBXBuildFile; fileRef = D7C4105616BDFC730063E447 /* shovel@2x.png */; };
		D7C4105E16BE15380063E447 /* 01.png in Resources */ = {isa = PBXBuildFile; fileRef = D7C4105A16BE15330063E447 /* 01.png */; };
		D7C4105F16BE15380063E447 /* 02.png in Resources */ = {isa = PBXBuildFile; fileRef = D7C4105B16BE15340063E447 /* 02.png */; };
		D7C4106016BE15380063E447 /* 03.png in Resources */ = {isa = PBXBuildFile; fileRef = D7C4105C16BE15360063E447 /* 03.png */; };
		D7C4106116BE15380063E447 /* 04.png in Resources */ = {isa = PBXBuildFile; fileRef = D7C4105D16BE15380063E447 /* 04.png */; };
		D7C4106516BE204B0063E447 /* px_by_Gre3g_@2X.png in Resources */ = {isa = PBXBuildFile; fileRef = D7C4106316BE204B0063E447 /* px_by_Gre3g_@2X.png */; };
		D7C4106616BE204B0063E447 /* px_by_Gre3g.png in Resources */ = {isa = PBXBuildFile; fileRef = D7C4106416BE204B0063E447 /* px_by_Gre3g.png */; };
		D7C4106816BE221F0063E447 /* 05.png in Resources */ = {isa = PBXBuildFile; fileRef = D7C4106716BE221E0063E447 /* 05.png */; };
		D7C4106B16BE23400063E447 /* greenButton@2x.png in Resources */ = {isa = PBXBuildFile; fileRef = D7C4106916BE23400063E447 /* greenButton@2x.png */; };
		D7C4106C16BE23400063E447 /* greenButton.png in Resources */ = {isa = PBXBuildFile; fileRef = D7C4106A16BE23400063E447 /* greenButton.png */; };
		D7C4107316BE26E20063E447 /* frambueza-01.png in Resources */ = {isa = PBXBuildFile; fileRef = D7C4106E16BE26E20063E447 /* frambueza-01.png */; };
		D7C4107416BE26E20063E447 /* fresa-01.png in Resources */ = {isa = PBXBuildFile; fileRef = D7C4106F16BE26E20063E447 /* fresa-01.png */; };
		D7C4107516BE26E20063E447 /* kindberry.png in Resources */ = {isa = PBXBuildFile; fileRef = D7C4107016BE26E20063E447 /* kindberry.png */; };
		D7C4107716BE26E20063E447 /* zanahoria-01.png in Resources */ = {isa = PBXBuildFile; fileRef = D7C4107216BE26E20063E447 /* zanahoria-01.png */; };
		D7C4107F16BE28CE0063E447 /* greyButton@2xpng in Resources */ = {isa = PBXBuildFile; fileRef = D7C4107816BE28CB0063E447 /* greyButton@2xpng */; };
		D7C4108016BE28CE0063E447 /* greyButtonHighlight@2x.png in Resources */ = {isa = PBXBuildFile; fileRef = D7C4107916BE28CC0063E447 /* greyButtonHighlight@2x.png */; };
		D7C4108116BE28CE0063E447 /* greenButtonHighlight@2x.png in Resources */ = {isa = PBXBuildFile; fileRef = D7C4107A16BE28CC0063E447 /* greenButtonHighlight@2x.png */; };
		D7C4108216BE28CE0063E447 /* greenButtonHighlight.png in Resources */ = {isa = PBXBuildFile; fileRef = D7C4107B16BE28CD0063E447 /* greenButtonHighlight.png */; };
		D7C4108316BE28CE0063E447 /* greyTexture@2x.png in Resources */ = {isa = PBXBuildFile; fileRef = D7C4107C16BE28CD0063E447 /* greyTexture@2x.png */; };
		D7C4108416BE28CE0063E447 /* greyButtonHighlight.png in Resources */ = {isa = PBXBuildFile; fileRef = D7C4107D16BE28CD0063E447 /* greyButtonHighlight.png */; };
		D7C4108516BE28CE0063E447 /* greyButton.png in Resources */ = {isa = PBXBuildFile; fileRef = D7C4107E16BE28CE0063E447 /* greyButton.png */; };
		D7C4108A16BE298D0063E447 /* zanahoria.png in Resources */ = {isa = PBXBuildFile; fileRef = D7C4108616BE298D0063E447 /* zanahoria.png */; };
		D7C4108B16BE298D0063E447 /* kinder.png in Resources */ = {isa = PBXBuildFile; fileRef = D7C4108716BE298D0063E447 /* kinder.png */; };
		D7C4108C16BE298D0063E447 /* fresa.png in Resources */ = {isa = PBXBuildFile; fileRef = D7C4108816BE298D0063E447 /* fresa.png */; };
		D7C4108D16BE298D0063E447 /* fram.png in Resources */ = {isa = PBXBuildFile; fileRef = D7C4108916BE298D0063E447 /* fram.png */; };
		D7C411BE16BF334E0063E447 /* Product.m in Sources */ = {isa = PBXBuildFile; fileRef = D7C411BD16BF334E0063E447 /* Product.m */; };
		D7C411CA16BF3CFE0063E447 /* SignupTableViewController.m in Sources */ = {isa = PBXBuildFile; fileRef = D7C411C916BF3CFE0063E447 /* SignupTableViewController.m */; };
		D7C411CC16BF3D0C0063E447 /* SignupTableViewController.xib in Resources */ = {isa = PBXBuildFile; fileRef = D7C411CB16BF3D0C0063E447 /* SignupTableViewController.xib */; };
		D7C411CF16BF3E210063E447 /* Localizable.strings in Resources */ = {isa = PBXBuildFile; fileRef = D7C411CD16BF3E210063E447 /* Localizable.strings */; };
		D7C411D216BF5E780063E447 /* greenTexture.png in Resources */ = {isa = PBXBuildFile; fileRef = D7C411D016BF5E780063E447 /* greenTexture.png */; };
		D7C411D316BF5E780063E447 /* greenTexture@2x.png in Resources */ = {isa = PBXBuildFile; fileRef = D7C411D116BF5E780063E447 /* greenTexture@2x.png */; };
		D7C411D716BF888E0063E447 /* MediaPlayer.framework in Frameworks */ = {isa = PBXBuildFile; fileRef = D7C411D616BF888D0063E447 /* MediaPlayer.framework */; };
		D7C411ED16BF8E9F0063E447 /* libPadeMobileSDK.a in Frameworks */ = {isa = PBXBuildFile; fileRef = D7C411EA16BF8E990063E447 /* libPadeMobileSDK.a */; };
		D7C411EF16BF8EEF0063E447 /* CoreImage.framework in Frameworks */ = {isa = PBXBuildFile; fileRef = D7C411EE16BF8EEF0063E447 /* CoreImage.framework */; };
		D7C411F116BF8EF60063E447 /* Accelerate.framework in Frameworks */ = {isa = PBXBuildFile; fileRef = D7C411F016BF8EF60063E447 /* Accelerate.framework */; };
		D7C411F416BF8FDD0063E447 /* BiospartaMasterController.m in Sources */ = {isa = PBXBuildFile; fileRef = D7C411F316BF8FDD0063E447 /* BiospartaMasterController.m */; };
		D7C4120216C05D4E0063E447 /* Icon.png in Resources */ = {isa = PBXBuildFile; fileRef = D7C4120116C05D4E0063E447 /* Icon.png */; };
		D7C4120416C05D590063E447 /* Icon@2x.png in Resources */ = {isa = PBXBuildFile; fileRef = D7C4120316C05D590063E447 /* Icon@2x.png */; };
		D7C4121016C05DA00063E447 /* Icon-72.png in Resources */ = {isa = PBXBuildFile; fileRef = D7C4120616C05DA00063E447 /* Icon-72.png */; };
		D7C4121116C05DA00063E447 /* Icon-72@2x.png in Resources */ = {isa = PBXBuildFile; fileRef = D7C4120716C05DA00063E447 /* Icon-72@2x.png */; };
		D7C4121216C05DA00063E447 /* Icon-Small-50.png in Resources */ = {isa = PBXBuildFile; fileRef = D7C4120816C05DA00063E447 /* Icon-Small-50.png */; };
		D7C4121316C05DA00063E447 /* Icon-Small-50@2x.png in Resources */ = {isa = PBXBuildFile; fileRef = D7C4120916C05DA00063E447 /* Icon-Small-50@2x.png */; };
		D7C4121416C05DA00063E447 /* Icon-Small.png in Resources */ = {isa = PBXBuildFile; fileRef = D7C4120A16C05DA00063E447 /* Icon-Small.png */; };
		D7C4121516C05DA00063E447 /* Icon-Small@2x.png in Resources */ = {isa = PBXBuildFile; fileRef = D7C4120B16C05DA00063E447 /* Icon-Small@2x.png */; };
		D7C4121616C05DA00063E447 /* Icon.png in Resources */ = {isa = PBXBuildFile; fileRef = D7C4120C16C05DA00063E447 /* Icon.png */; };
		D7C4121716C05DA00063E447 /* Icon@2x.png in Resources */ = {isa = PBXBuildFile; fileRef = D7C4120D16C05DA00063E447 /* Icon@2x.png */; };
		D7C4121816C05DA00063E447 /* iTunesArtwork.png in Resources */ = {isa = PBXBuildFile; fileRef = D7C4120E16C05DA00063E447 /* iTunesArtwork.png */; };
		D7C4121916C05DA00063E447 /* iTunesArtwork@2x.png in Resources */ = {isa = PBXBuildFile; fileRef = D7C4120F16C05DA00063E447 /* iTunesArtwork@2x.png */; };
		D7C4125816C075CC0063E447 /* Default.png in Resources */ = {isa = PBXBuildFile; fileRef = D7C4121A16C075CC0063E447 /* Default.png */; };
		D7C4125916C075CC0063E447 /* Default@2x.png in Resources */ = {isa = PBXBuildFile; fileRef = D7C4121B16C075CC0063E447 /* Default@2x.png */; };
		D7C4125A16C075CC0063E447 /* 001.jpg in Resources */ = {isa = PBXBuildFile; fileRef = D7C4121E16C075CC0063E447 /* 001.jpg */; };
		D7C4125B16C075CC0063E447 /* 002.jpg in Resources */ = {isa = PBXBuildFile; fileRef = D7C4121F16C075CC0063E447 /* 002.jpg */; };
		D7C4125C16C075CC0063E447 /* 003.jpg in Resources */ = {isa = PBXBuildFile; fileRef = D7C4122016C075CC0063E447 /* 003.jpg */; };
		D7C4125D16C075CC0063E447 /* 004.jpg in Resources */ = {isa = PBXBuildFile; fileRef = D7C4122116C075CC0063E447 /* 004.jpg */; };
		D7C4125E16C075CC0063E447 /* 005.jpg in Resources */ = {isa = PBXBuildFile; fileRef = D7C4122216C075CC0063E447 /* 005.jpg */; };
		D7C4125F16C075CC0063E447 /* 006.jpg in Resources */ = {isa = PBXBuildFile; fileRef = D7C4122316C075CC0063E447 /* 006.jpg */; };
		D7C4126016C075CC0063E447 /* 007.jpg in Resources */ = {isa = PBXBuildFile; fileRef = D7C4122416C075CC0063E447 /* 007.jpg */; };
		D7C4126116C075CC0063E447 /* 008.jpg in Resources */ = {isa = PBXBuildFile; fileRef = D7C4122516C075CC0063E447 /* 008.jpg */; };
		D7C4126216C075CC0063E447 /* 009.jpg in Resources */ = {isa = PBXBuildFile; fileRef = D7C4122616C075CC0063E447 /* 009.jpg */; };
		D7C4126316C075CC0063E447 /* 01.png in Resources */ = {isa = PBXBuildFile; fileRef = D7C4122716C075CC0063E447 /* 01.png */; };
		D7C4126416C075CC0063E447 /* 02.png in Resources */ = {isa = PBXBuildFile; fileRef = D7C4122816C075CC0063E447 /* 02.png */; };
		D7C4126516C075CC0063E447 /* 03.png in Resources */ = {isa = PBXBuildFile; fileRef = D7C4122916C075CC0063E447 /* 03.png */; };
		D7C4126616C075CC0063E447 /* 04.png in Resources */ = {isa = PBXBuildFile; fileRef = D7C4122A16C075CC0063E447 /* 04.png */; };
		D7C4126716C075CC0063E447 /* 05.png in Resources */ = {isa = PBXBuildFile; fileRef = D7C4122B16C075CC0063E447 /* 05.png */; };
		D7C4126816C075CC0063E447 /* 1x.jpg in Resources */ = {isa = PBXBuildFile; fileRef = D7C4122C16C075CC0063E447 /* 1x.jpg */; };
		D7C4126916C075CC0063E447 /* 3.jpg in Resources */ = {isa = PBXBuildFile; fileRef = D7C4122D16C075CC0063E447 /* 3.jpg */; };
		D7C4126A16C075CC0063E447 /* 6.jpg in Resources */ = {isa = PBXBuildFile; fileRef = D7C4122E16C075CC0063E447 /* 6.jpg */; };
		D7C4126B16C075CC0063E447 /* 8.jpg in Resources */ = {isa = PBXBuildFile; fileRef = D7C4122F16C075CC0063E447 /* 8.jpg */; };
		D7C4126C16C075CC0063E447 /* shovel.png in Resources */ = {isa = PBXBuildFile; fileRef = D7C4123016C075CC0063E447 /* shovel.png */; };
		D7C4126D16C075CC0063E447 /* shovel@2x.png in Resources */ = {isa = PBXBuildFile; fileRef = D7C4123116C075CC0063E447 /* shovel@2x.png */; };
		D7C4126E16C075CC0063E447 /* data.json in Resources */ = {isa = PBXBuildFile; fileRef = D7C4123216C075CC0063E447 /* data.json */; };
		D7C4126F16C075CC0063E447 /* Icon-72.png in Resources */ = {isa = PBXBuildFile; fileRef = D7C4123416C075CC0063E447 /* Icon-72.png */; };
		D7C4127016C075CC0063E447 /* Icon-72@2x.png in Resources */ = {isa = PBXBuildFile; fileRef = D7C4123516C075CC0063E447 /* Icon-72@2x.png */; };
		D7C4127116C075CC0063E447 /* Icon-Small-50.png in Resources */ = {isa = PBXBuildFile; fileRef = D7C4123616C075CC0063E447 /* Icon-Small-50.png */; };
		D7C4127216C075CC0063E447 /* Icon-Small-50@2x.png in Resources */ = {isa = PBXBuildFile; fileRef = D7C4123716C075CC0063E447 /* Icon-Small-50@2x.png */; };
		D7C4127316C075CC0063E447 /* Icon-Small.png in Resources */ = {isa = PBXBuildFile; fileRef = D7C4123816C075CC0063E447 /* Icon-Small.png */; };
		D7C4127416C075CC0063E447 /* Icon-Small@2x.png in Resources */ = {isa = PBXBuildFile; fileRef = D7C4123916C075CC0063E447 /* Icon-Small@2x.png */; };
		D7C4127516C075CC0063E447 /* Icon.png in Resources */ = {isa = PBXBuildFile; fileRef = D7C4123A16C075CC0063E447 /* Icon.png */; };
		D7C4127616C075CC0063E447 /* Icon@2x.png in Resources */ = {isa = PBXBuildFile; fileRef = D7C4123B16C075CC0063E447 /* Icon@2x.png */; };
		D7C4127716C075CC0063E447 /* iTunesArtwork.png in Resources */ = {isa = PBXBuildFile; fileRef = D7C4123C16C075CC0063E447 /* iTunesArtwork.png */; };
		D7C4127816C075CC0063E447 /* iTunesArtwork@2x.png in Resources */ = {isa = PBXBuildFile; fileRef = D7C4123D16C075CC0063E447 /* iTunesArtwork@2x.png */; };
		D7C4127A16C075CC0063E447 /* fram.png in Resources */ = {isa = PBXBuildFile; fileRef = D7C4124016C075CC0063E447 /* fram.png */; };
		D7C4127B16C075CC0063E447 /* frambuesa.png in Resources */ = {isa = PBXBuildFile; fileRef = D7C4124116C075CC0063E447 /* frambuesa.png */; };
		D7C4127C16C075CC0063E447 /* frambueza-01.png in Resources */ = {isa = PBXBuildFile; fileRef = D7C4124216C075CC0063E447 /* frambueza-01.png */; };
		D7C4127D16C075CC0063E447 /* fresa-01.png in Resources */ = {isa = PBXBuildFile; fileRef = D7C4124316C075CC0063E447 /* fresa-01.png */; };
		D7C4127E16C075CC0063E447 /* fresa.png in Resources */ = {isa = PBXBuildFile; fileRef = D7C4124416C075CC0063E447 /* fresa.png */; };
		D7C4127F16C075CC0063E447 /* kindberry.png in Resources */ = {isa = PBXBuildFile; fileRef = D7C4124516C075CC0063E447 /* kindberry.png */; };
		D7C4128016C075CC0063E447 /* kinder.png in Resources */ = {isa = PBXBuildFile; fileRef = D7C4124616C075CC0063E447 /* kinder.png */; };
		D7C4128116C075CC0063E447 /* view.webloc in Resources */ = {isa = PBXBuildFile; fileRef = D7C4124716C075CC0063E447 /* view.webloc */; };
		D7C4128216C075CC0063E447 /* zanahoria-01.png in Resources */ = {isa = PBXBuildFile; fileRef = D7C4124816C075CC0063E447 /* zanahoria-01.png */; };
		D7C4128316C075CC0063E447 /* zanahoria.png in Resources */ = {isa = PBXBuildFile; fileRef = D7C4124916C075CC0063E447 /* zanahoria.png */; };
		D7C4128416C075CC0063E447 /* greenButton.png in Resources */ = {isa = PBXBuildFile; fileRef = D7C4124B16C075CC0063E447 /* greenButton.png */; };
		D7C4128516C075CC0063E447 /* greenButton@2x.png in Resources */ = {isa = PBXBuildFile; fileRef = D7C4124C16C075CC0063E447 /* greenButton@2x.png */; };
		D7C4128616C075CC0063E447 /* greenButtonHighlight.png in Resources */ = {isa = PBXBuildFile; fileRef = D7C4124D16C075CC0063E447 /* greenButtonHighlight.png */; };
		D7C4128716C075CC0063E447 /* greenButtonHighlight@2x.png in Resources */ = {isa = PBXBuildFile; fileRef = D7C4124E16C075CC0063E447 /* greenButtonHighlight@2x.png */; };
		D7C4128816C075CC0063E447 /* greenTexture.png in Resources */ = {isa = PBXBuildFile; fileRef = D7C4124F16C075CC0063E447 /* greenTexture.png */; };
		D7C4128916C075CC0063E447 /* greenTexture@2x.png in Resources */ = {isa = PBXBuildFile; fileRef = D7C4125016C075CC0063E447 /* greenTexture@2x.png */; };
		D7C4128A16C075CC0063E447 /* greyButton.png in Resources */ = {isa = PBXBuildFile; fileRef = D7C4125116C075CC0063E447 /* greyButton.png */; };
		D7C4128B16C075CC0063E447 /* greyButton@2x.png in Resources */ = {isa = PBXBuildFile; fileRef = D7C4125216C075CC0063E447 /* greyButton@2x.png */; };
		D7C4128C16C075CC0063E447 /* greyButton@2xpng in Resources */ = {isa = PBXBuildFile; fileRef = D7C4125316C075CC0063E447 /* greyButton@2xpng */; };
		D7C4128D16C075CC0063E447 /* greyButtonHighlight.png in Resources */ = {isa = PBXBuildFile; fileRef = D7C4125416C075CC0063E447 /* greyButtonHighlight.png */; };
		D7C4128E16C075CC0063E447 /* greyButtonHighlight@2x.png in Resources */ = {isa = PBXBuildFile; fileRef = D7C4125516C075CC0063E447 /* greyButtonHighlight@2x.png */; };
		D7C4128F16C075CC0063E447 /* px_by_Gre3g.png in Resources */ = {isa = PBXBuildFile; fileRef = D7C4125616C075CC0063E447 /* px_by_Gre3g.png */; };
		D7C4129016C075CC0063E447 /* px_by_Gre3g_@2X.png in Resources */ = {isa = PBXBuildFile; fileRef = D7C4125716C075CC0063E447 /* px_by_Gre3g_@2X.png */; };
		D7C4129216C076650063E447 /* Default-568h@2x.png in Resources */ = {isa = PBXBuildFile; fileRef = D7C4129116C076650063E447 /* Default-568h@2x.png */; };
/* End PBXBuildFile section */

/* Begin PBXContainerItemProxy section */
		D7C40F1A16BCAFCE0063E447 /* PBXContainerItemProxy */ = {
			isa = PBXContainerItemProxy;
			containerPortal = D7C40EEB16BCAFCE0063E447 /* Project object */;
			proxyType = 1;
			remoteGlobalIDString = D7C40EF316BCAFCE0063E447;
			remoteInfo = Biosparta;
		};
		D7C411E916BF8E990063E447 /* PBXContainerItemProxy */ = {
			isa = PBXContainerItemProxy;
			containerPortal = D7C411E116BF8E990063E447 /* PadeMobileSDK.xcodeproj */;
			proxyType = 2;
			remoteGlobalIDString = F195554216BCAD5700492E93;
			remoteInfo = PadeMobileSDK;
		};
		D7C411EB16BF8E990063E447 /* PBXContainerItemProxy */ = {
			isa = PBXContainerItemProxy;
			containerPortal = D7C411E116BF8E990063E447 /* PadeMobileSDK.xcodeproj */;
			proxyType = 2;
			remoteGlobalIDString = F195555316BCAD5700492E93;
			remoteInfo = PadeMobileSDKTests;
		};
/* End PBXContainerItemProxy section */

/* Begin PBXFileReference section */
		D7C3A6A616C0912F00A83343 /* orangeButton.png */ = {isa = PBXFileReference; lastKnownFileType = image.png; name = orangeButton.png; path = textures/orangeButton.png; sourceTree = "<group>"; };
		D7C3A6A716C0912F00A83343 /* orangeButton@2x.png */ = {isa = PBXFileReference; lastKnownFileType = image.png; name = "orangeButton@2x.png"; path = "textures/orangeButton@2x.png"; sourceTree = "<group>"; };
		D7C3A6AA16C0929B00A83343 /* greyTexture.png */ = {isa = PBXFileReference; lastKnownFileType = image.png; name = greyTexture.png; path = textures/greyTexture.png; sourceTree = "<group>"; };
		D7C40EF416BCAFCE0063E447 /* Biosparta.app */ = {isa = PBXFileReference; explicitFileType = wrapper.application; includeInIndex = 0; path = Biosparta.app; sourceTree = BUILT_PRODUCTS_DIR; };
		D7C40EF816BCAFCE0063E447 /* UIKit.framework */ = {isa = PBXFileReference; lastKnownFileType = wrapper.framework; name = UIKit.framework; path = System/Library/Frameworks/UIKit.framework; sourceTree = SDKROOT; };
		D7C40EFA16BCAFCE0063E447 /* Foundation.framework */ = {isa = PBXFileReference; lastKnownFileType = wrapper.framework; name = Foundation.framework; path = System/Library/Frameworks/Foundation.framework; sourceTree = SDKROOT; };
		D7C40EFC16BCAFCE0063E447 /* CoreGraphics.framework */ = {isa = PBXFileReference; lastKnownFileType = wrapper.framework; name = CoreGraphics.framework; path = System/Library/Frameworks/CoreGraphics.framework; sourceTree = SDKROOT; };
		D7C40F0016BCAFCE0063E447 /* Biosparta-Info.plist */ = {isa = PBXFileReference; lastKnownFileType = text.plist.xml; path = "Biosparta-Info.plist"; sourceTree = "<group>"; };
		D7C40F0216BCAFCE0063E447 /* en */ = {isa = PBXFileReference; lastKnownFileType = text.plist.strings; name = en; path = en.lproj/InfoPlist.strings; sourceTree = "<group>"; };
		D7C40F0416BCAFCE0063E447 /* main.m */ = {isa = PBXFileReference; lastKnownFileType = sourcecode.c.objc; path = main.m; sourceTree = "<group>"; };
		D7C40F0616BCAFCE0063E447 /* Biosparta-Prefix.pch */ = {isa = PBXFileReference; lastKnownFileType = sourcecode.c.h; path = "Biosparta-Prefix.pch"; sourceTree = "<group>"; };
		D7C40F0716BCAFCE0063E447 /* AppDelegate.h */ = {isa = PBXFileReference; lastKnownFileType = sourcecode.c.h; path = AppDelegate.h; sourceTree = "<group>"; };
		D7C40F0816BCAFCE0063E447 /* AppDelegate.m */ = {isa = PBXFileReference; lastKnownFileType = sourcecode.c.objc; path = AppDelegate.m; sourceTree = "<group>"; };
		D7C40F0A16BCAFCE0063E447 /* Default.png */ = {isa = PBXFileReference; lastKnownFileType = image.png; path = Default.png; sourceTree = "<group>"; };
		D7C40F0C16BCAFCE0063E447 /* Default@2x.png */ = {isa = PBXFileReference; lastKnownFileType = image.png; path = "Default@2x.png"; sourceTree = "<group>"; };
		D7C40F0E16BCAFCE0063E447 /* Default-568h@2x.png */ = {isa = PBXFileReference; lastKnownFileType = image.png; path = "Default-568h@2x.png"; sourceTree = "<group>"; };
		D7C40F1516BCAFCE0063E447 /* BiospartaTests.octest */ = {isa = PBXFileReference; explicitFileType = wrapper.cfbundle; includeInIndex = 0; path = BiospartaTests.octest; sourceTree = BUILT_PRODUCTS_DIR; };
		D7C40F1616BCAFCE0063E447 /* SenTestingKit.framework */ = {isa = PBXFileReference; lastKnownFileType = wrapper.framework; name = SenTestingKit.framework; path = Library/Frameworks/SenTestingKit.framework; sourceTree = DEVELOPER_DIR; };
		D7C40F1E16BCAFCE0063E447 /* BiospartaTests-Info.plist */ = {isa = PBXFileReference; lastKnownFileType = text.plist.xml; path = "BiospartaTests-Info.plist"; sourceTree = "<group>"; };
		D7C40F2016BCAFCE0063E447 /* en */ = {isa = PBXFileReference; lastKnownFileType = text.plist.strings; name = en; path = en.lproj/InfoPlist.strings; sourceTree = "<group>"; };
		D7C40F2216BCAFCE0063E447 /* BiospartaTests.h */ = {isa = PBXFileReference; lastKnownFileType = sourcecode.c.h; path = BiospartaTests.h; sourceTree = "<group>"; };
		D7C40F2316BCAFCE0063E447 /* BiospartaTests.m */ = {isa = PBXFileReference; lastKnownFileType = sourcecode.c.objc; path = BiospartaTests.m; sourceTree = "<group>"; };
		D7C40F4416BCB0210063E447 /* MosaicData.h */ = {isa = PBXFileReference; fileEncoding = 4; lastKnownFileType = sourcecode.c.h; path = MosaicData.h; sourceTree = "<group>"; };
		D7C40F4516BCB0210063E447 /* MosaicData.m */ = {isa = PBXFileReference; fileEncoding = 4; lastKnownFileType = sourcecode.c.objc; path = MosaicData.m; sourceTree = "<group>"; };
		D7C40F4716BCB0210063E447 /* TwoDimentionalArray.h */ = {isa = PBXFileReference; fileEncoding = 4; lastKnownFileType = sourcecode.c.h; path = TwoDimentionalArray.h; sourceTree = "<group>"; };
		D7C40F4816BCB0210063E447 /* TwoDimentionalArray.m */ = {isa = PBXFileReference; fileEncoding = 4; lastKnownFileType = sourcecode.c.objc; path = TwoDimentionalArray.m; sourceTree = "<group>"; };
		D7C40F4A16BCB0210063E447 /* MosaicViewDatasourceProtocol.h */ = {isa = PBXFileReference; fileEncoding = 4; lastKnownFileType = sourcecode.c.h; path = MosaicViewDatasourceProtocol.h; sourceTree = "<group>"; };
		D7C40F4B16BCB0210063E447 /* MosaicViewDelegateProtocol.h */ = {isa = PBXFileReference; fileEncoding = 4; lastKnownFileType = sourcecode.c.h; path = MosaicViewDelegateProtocol.h; sourceTree = "<group>"; };
		D7C40F4D16BCB0210063E447 /* MosaicDataView.h */ = {isa = PBXFileReference; fileEncoding = 4; lastKnownFileType = sourcecode.c.h; path = MosaicDataView.h; sourceTree = "<group>"; };
		D7C40F4E16BCB0210063E447 /* MosaicDataView.m */ = {isa = PBXFileReference; fileEncoding = 4; lastKnownFileType = sourcecode.c.objc; path = MosaicDataView.m; sourceTree = "<group>"; };
		D7C40F4F16BCB0210063E447 /* MosaicView.h */ = {isa = PBXFileReference; fileEncoding = 4; lastKnownFileType = sourcecode.c.h; path = MosaicView.h; sourceTree = "<group>"; };
		D7C40F5016BCB0210063E447 /* MosaicView.m */ = {isa = PBXFileReference; fileEncoding = 4; lastKnownFileType = sourcecode.c.objc; path = MosaicView.m; sourceTree = "<group>"; };
		D7C40F5916BCB15B0063E447 /* MainViewController.h */ = {isa = PBXFileReference; fileEncoding = 4; lastKnownFileType = sourcecode.c.h; path = MainViewController.h; sourceTree = "<group>"; };
		D7C40F5A16BCB15B0063E447 /* MainViewController.m */ = {isa = PBXFileReference; fileEncoding = 4; lastKnownFileType = sourcecode.c.objc; path = MainViewController.m; sourceTree = "<group>"; };
		D7C40F5B16BCB15B0063E447 /* MainViewController.xib */ = {isa = PBXFileReference; fileEncoding = 4; lastKnownFileType = file.xib; path = MainViewController.xib; sourceTree = "<group>"; };
		D7C40F6016BCB7190063E447 /* CustomMosaicDatasource.h */ = {isa = PBXFileReference; fileEncoding = 4; lastKnownFileType = sourcecode.c.h; path = CustomMosaicDatasource.h; sourceTree = "<group>"; };
		D7C40F6116BCB7190063E447 /* CustomMosaicDatasource.m */ = {isa = PBXFileReference; fileEncoding = 4; lastKnownFileType = sourcecode.c.objc; path = CustomMosaicDatasource.m; sourceTree = "<group>"; };
		D7C40F6E16BCB77F0063E447 /* data.json */ = {isa = PBXFileReference; fileEncoding = 4; lastKnownFileType = text.json; path = data.json; sourceTree = "<group>"; };
		D7C40F7A16BCD3A20063E447 /* UITableView+ZGParallelView.h */ = {isa = PBXFileReference; fileEncoding = 4; lastKnownFileType = sourcecode.c.h; path = "UITableView+ZGParallelView.h"; sourceTree = "<group>"; };
		D7C40F7B16BCD3A20063E447 /* UITableView+ZGParallelView.m */ = {isa = PBXFileReference; fileEncoding = 4; lastKnownFileType = sourcecode.c.objc; path = "UITableView+ZGParallelView.m"; sourceTree = "<group>"; };
		D7C40F8916BCF09D0063E447 /* ProductListDelegate.h */ = {isa = PBXFileReference; lastKnownFileType = sourcecode.c.h; path = ProductListDelegate.h; sourceTree = "<group>"; };
		D7C40F8A16BCFB5F0063E447 /* QuartzCore.framework */ = {isa = PBXFileReference; lastKnownFileType = wrapper.framework; name = QuartzCore.framework; path = System/Library/Frameworks/QuartzCore.framework; sourceTree = SDKROOT; };
		D7C4103E16BDCAB40063E447 /* ProductListController.h */ = {isa = PBXFileReference; fileEncoding = 4; lastKnownFileType = sourcecode.c.h; path = ProductListController.h; sourceTree = "<group>"; };
		D7C4103F16BDCAB50063E447 /* ProductListController.m */ = {isa = PBXFileReference; fileEncoding = 4; lastKnownFileType = sourcecode.c.objc; path = ProductListController.m; sourceTree = "<group>"; };
		D7C4104016BDCAB50063E447 /* ProductListController.xib */ = {isa = PBXFileReference; fileEncoding = 4; lastKnownFileType = file.xib; path = ProductListController.xib; sourceTree = "<group>"; };
		D7C4105016BDFA9D0063E447 /* GKLParallaxPicturesViewController.h */ = {isa = PBXFileReference; fileEncoding = 4; lastKnownFileType = sourcecode.c.h; path = GKLParallaxPicturesViewController.h; sourceTree = "<group>"; };
		D7C4105116BDFA9D0063E447 /* GKLParallaxPicturesViewController.m */ = {isa = PBXFileReference; fileEncoding = 4; lastKnownFileType = sourcecode.c.objc; path = GKLParallaxPicturesViewController.m; sourceTree = "<group>"; };
		D7C4105516BDFC730063E447 /* shovel.png */ = {isa = PBXFileReference; lastKnownFileType = image.png; path = shovel.png; sourceTree = "<group>"; };
		D7C4105616BDFC730063E447 /* shovel@2x.png */ = {isa = PBXFileReference; lastKnownFileType = image.png; path = "shovel@2x.png"; sourceTree = "<group>"; };
		D7C4105916BE09A40063E447 /* NavigationDelegate.h */ = {isa = PBXFileReference; lastKnownFileType = sourcecode.c.h; path = NavigationDelegate.h; sourceTree = "<group>"; };
		D7C4105A16BE15330063E447 /* 01.png */ = {isa = PBXFileReference; lastKnownFileType = image.png; path = 01.png; sourceTree = "<group>"; };
		D7C4105B16BE15340063E447 /* 02.png */ = {isa = PBXFileReference; lastKnownFileType = image.png; path = 02.png; sourceTree = "<group>"; };
		D7C4105C16BE15360063E447 /* 03.png */ = {isa = PBXFileReference; lastKnownFileType = image.png; path = 03.png; sourceTree = "<group>"; };
		D7C4105D16BE15380063E447 /* 04.png */ = {isa = PBXFileReference; lastKnownFileType = image.png; path = 04.png; sourceTree = "<group>"; };
		D7C4106316BE204B0063E447 /* px_by_Gre3g_@2X.png */ = {isa = PBXFileReference; lastKnownFileType = image.png; name = "px_by_Gre3g_@2X.png"; path = "textures/px_by_Gre3g_@2X.png"; sourceTree = "<group>"; };
		D7C4106416BE204B0063E447 /* px_by_Gre3g.png */ = {isa = PBXFileReference; lastKnownFileType = image.png; name = px_by_Gre3g.png; path = textures/px_by_Gre3g.png; sourceTree = "<group>"; };
		D7C4106716BE221E0063E447 /* 05.png */ = {isa = PBXFileReference; lastKnownFileType = image.png; path = 05.png; sourceTree = "<group>"; };
		D7C4106916BE23400063E447 /* greenButton@2x.png */ = {isa = PBXFileReference; lastKnownFileType = image.png; name = "greenButton@2x.png"; path = "textures/greenButton@2x.png"; sourceTree = "<group>"; };
		D7C4106A16BE23400063E447 /* greenButton.png */ = {isa = PBXFileReference; lastKnownFileType = image.png; name = greenButton.png; path = textures/greenButton.png; sourceTree = "<group>"; };
		D7C4106E16BE26E20063E447 /* frambueza-01.png */ = {isa = PBXFileReference; lastKnownFileType = image.png; path = "frambueza-01.png"; sourceTree = "<group>"; };
		D7C4106F16BE26E20063E447 /* fresa-01.png */ = {isa = PBXFileReference; lastKnownFileType = image.png; path = "fresa-01.png"; sourceTree = "<group>"; };
		D7C4107016BE26E20063E447 /* kindberry.png */ = {isa = PBXFileReference; lastKnownFileType = image.png; path = kindberry.png; sourceTree = "<group>"; };
		D7C4107216BE26E20063E447 /* zanahoria-01.png */ = {isa = PBXFileReference; lastKnownFileType = image.png; path = "zanahoria-01.png"; sourceTree = "<group>"; };
		D7C4107816BE28CB0063E447 /* greyButton@2xpng */ = {isa = PBXFileReference; lastKnownFileType = file; name = "greyButton@2xpng"; path = "textures/greyButton@2xpng"; sourceTree = "<group>"; };
		D7C4107916BE28CC0063E447 /* greyButtonHighlight@2x.png */ = {isa = PBXFileReference; lastKnownFileType = image.png; name = "greyButtonHighlight@2x.png"; path = "textures/greyButtonHighlight@2x.png"; sourceTree = "<group>"; };
		D7C4107A16BE28CC0063E447 /* greenButtonHighlight@2x.png */ = {isa = PBXFileReference; lastKnownFileType = image.png; name = "greenButtonHighlight@2x.png"; path = "textures/greenButtonHighlight@2x.png"; sourceTree = "<group>"; };
		D7C4107B16BE28CD0063E447 /* greenButtonHighlight.png */ = {isa = PBXFileReference; lastKnownFileType = image.png; name = greenButtonHighlight.png; path = textures/greenButtonHighlight.png; sourceTree = "<group>"; };
		D7C4107C16BE28CD0063E447 /* greyTexture@2x.png */ = {isa = PBXFileReference; lastKnownFileType = image.png; name = "greyTexture@2x.png"; path = "textures/greyTexture@2x.png"; sourceTree = "<group>"; };
		D7C4107D16BE28CD0063E447 /* greyButtonHighlight.png */ = {isa = PBXFileReference; lastKnownFileType = image.png; name = greyButtonHighlight.png; path = textures/greyButtonHighlight.png; sourceTree = "<group>"; };
		D7C4107E16BE28CE0063E447 /* greyButton.png */ = {isa = PBXFileReference; lastKnownFileType = image.png; name = greyButton.png; path = textures/greyButton.png; sourceTree = "<group>"; };
		D7C4108616BE298D0063E447 /* zanahoria.png */ = {isa = PBXFileReference; lastKnownFileType = image.png; path = zanahoria.png; sourceTree = "<group>"; };
		D7C4108716BE298D0063E447 /* kinder.png */ = {isa = PBXFileReference; lastKnownFileType = image.png; path = kinder.png; sourceTree = "<group>"; };
		D7C4108816BE298D0063E447 /* fresa.png */ = {isa = PBXFileReference; lastKnownFileType = image.png; path = fresa.png; sourceTree = "<group>"; };
		D7C4108916BE298D0063E447 /* fram.png */ = {isa = PBXFileReference; lastKnownFileType = image.png; path = fram.png; sourceTree = "<group>"; };
		D7C411BC16BF334E0063E447 /* Product.h */ = {isa = PBXFileReference; fileEncoding = 4; lastKnownFileType = sourcecode.c.h; path = Product.h; sourceTree = "<group>"; };
		D7C411BD16BF334E0063E447 /* Product.m */ = {isa = PBXFileReference; fileEncoding = 4; lastKnownFileType = sourcecode.c.objc; path = Product.m; sourceTree = "<group>"; };
		D7C411C816BF3CFE0063E447 /* SignupTableViewController.h */ = {isa = PBXFileReference; fileEncoding = 4; lastKnownFileType = sourcecode.c.h; path = SignupTableViewController.h; sourceTree = "<group>"; };
		D7C411C916BF3CFE0063E447 /* SignupTableViewController.m */ = {isa = PBXFileReference; fileEncoding = 4; lastKnownFileType = sourcecode.c.objc; path = SignupTableViewController.m; sourceTree = "<group>"; };
		D7C411CB16BF3D0C0063E447 /* SignupTableViewController.xib */ = {isa = PBXFileReference; fileEncoding = 4; lastKnownFileType = file.xib; path = SignupTableViewController.xib; sourceTree = "<group>"; };
		D7C411CE16BF3E210063E447 /* en */ = {isa = PBXFileReference; lastKnownFileType = text.plist.strings; name = en; path = Biosparta/en.lproj/Localizable.strings; sourceTree = SOURCE_ROOT; };
		D7C411D016BF5E780063E447 /* greenTexture.png */ = {isa = PBXFileReference; lastKnownFileType = image.png; name = greenTexture.png; path = textures/greenTexture.png; sourceTree = "<group>"; };
		D7C411D116BF5E780063E447 /* greenTexture@2x.png */ = {isa = PBXFileReference; lastKnownFileType = image.png; name = "greenTexture@2x.png"; path = "textures/greenTexture@2x.png"; sourceTree = "<group>"; };
		D7C411D616BF888D0063E447 /* MediaPlayer.framework */ = {isa = PBXFileReference; lastKnownFileType = wrapper.framework; name = MediaPlayer.framework; path = System/Library/Frameworks/MediaPlayer.framework; sourceTree = SDKROOT; };
		D7C411E116BF8E990063E447 /* PadeMobileSDK.xcodeproj */ = {isa = PBXFileReference; lastKnownFileType = "wrapper.pb-project"; name = PadeMobileSDK.xcodeproj; path = ../PadeMobileSDK/PadeMobileSDK.xcodeproj; sourceTree = "<group>"; };
		D7C411EE16BF8EEF0063E447 /* CoreImage.framework */ = {isa = PBXFileReference; lastKnownFileType = wrapper.framework; name = CoreImage.framework; path = System/Library/Frameworks/CoreImage.framework; sourceTree = SDKROOT; };
		D7C411F016BF8EF60063E447 /* Accelerate.framework */ = {isa = PBXFileReference; lastKnownFileType = wrapper.framework; name = Accelerate.framework; path = System/Library/Frameworks/Accelerate.framework; sourceTree = SDKROOT; };
		D7C411F216BF8FDD0063E447 /* BiospartaMasterController.h */ = {isa = PBXFileReference; fileEncoding = 4; lastKnownFileType = sourcecode.c.h; path = BiospartaMasterController.h; sourceTree = "<group>"; };
		D7C411F316BF8FDD0063E447 /* BiospartaMasterController.m */ = {isa = PBXFileReference; fileEncoding = 4; lastKnownFileType = sourcecode.c.objc; path = BiospartaMasterController.m; sourceTree = "<group>"; };
		D7C4120116C05D4E0063E447 /* Icon.png */ = {isa = PBXFileReference; lastKnownFileType = image.png; path = Icon.png; sourceTree = "<group>"; };
		D7C4120316C05D590063E447 /* Icon@2x.png */ = {isa = PBXFileReference; lastKnownFileType = image.png; path = "Icon@2x.png"; sourceTree = "<group>"; };
		D7C4120616C05DA00063E447 /* Icon-72.png */ = {isa = PBXFileReference; lastKnownFileType = image.png; path = "Icon-72.png"; sourceTree = "<group>"; };
		D7C4120716C05DA00063E447 /* Icon-72@2x.png */ = {isa = PBXFileReference; lastKnownFileType = image.png; path = "Icon-72@2x.png"; sourceTree = "<group>"; };
		D7C4120816C05DA00063E447 /* Icon-Small-50.png */ = {isa = PBXFileReference; lastKnownFileType = image.png; path = "Icon-Small-50.png"; sourceTree = "<group>"; };
		D7C4120916C05DA00063E447 /* Icon-Small-50@2x.png */ = {isa = PBXFileReference; lastKnownFileType = image.png; path = "Icon-Small-50@2x.png"; sourceTree = "<group>"; };
		D7C4120A16C05DA00063E447 /* Icon-Small.png */ = {isa = PBXFileReference; lastKnownFileType = image.png; path = "Icon-Small.png"; sourceTree = "<group>"; };
		D7C4120B16C05DA00063E447 /* Icon-Small@2x.png */ = {isa = PBXFileReference; lastKnownFileType = image.png; path = "Icon-Small@2x.png"; sourceTree = "<group>"; };
		D7C4120C16C05DA00063E447 /* Icon.png */ = {isa = PBXFileReference; lastKnownFileType = image.png; path = Icon.png; sourceTree = "<group>"; };
		D7C4120D16C05DA00063E447 /* Icon@2x.png */ = {isa = PBXFileReference; lastKnownFileType = image.png; path = "Icon@2x.png"; sourceTree = "<group>"; };
		D7C4120E16C05DA00063E447 /* iTunesArtwork.png */ = {isa = PBXFileReference; lastKnownFileType = image.png; path = iTunesArtwork.png; sourceTree = "<group>"; };
		D7C4120F16C05DA00063E447 /* iTunesArtwork@2x.png */ = {isa = PBXFileReference; lastKnownFileType = image.png; path = "iTunesArtwork@2x.png"; sourceTree = "<group>"; };
		D7C4121A16C075CC0063E447 /* Default.png */ = {isa = PBXFileReference; lastKnownFileType = image.png; path = Default.png; sourceTree = SOURCE_ROOT; };
		D7C4121B16C075CC0063E447 /* Default@2x.png */ = {isa = PBXFileReference; lastKnownFileType = image.png; path = "Default@2x.png"; sourceTree = SOURCE_ROOT; };
		D7C4121E16C075CC0063E447 /* 001.jpg */ = {isa = PBXFileReference; lastKnownFileType = image.jpeg; path = 001.jpg; sourceTree = "<group>"; };
		D7C4121F16C075CC0063E447 /* 002.jpg */ = {isa = PBXFileReference; lastKnownFileType = image.jpeg; path = 002.jpg; sourceTree = "<group>"; };
		D7C4122016C075CC0063E447 /* 003.jpg */ = {isa = PBXFileReference; lastKnownFileType = image.jpeg; path = 003.jpg; sourceTree = "<group>"; };
		D7C4122116C075CC0063E447 /* 004.jpg */ = {isa = PBXFileReference; lastKnownFileType = image.jpeg; path = 004.jpg; sourceTree = "<group>"; };
		D7C4122216C075CC0063E447 /* 005.jpg */ = {isa = PBXFileReference; lastKnownFileType = image.jpeg; path = 005.jpg; sourceTree = "<group>"; };
		D7C4122316C075CC0063E447 /* 006.jpg */ = {isa = PBXFileReference; lastKnownFileType = image.jpeg; path = 006.jpg; sourceTree = "<group>"; };
		D7C4122416C075CC0063E447 /* 007.jpg */ = {isa = PBXFileReference; lastKnownFileType = image.jpeg; path = 007.jpg; sourceTree = "<group>"; };
		D7C4122516C075CC0063E447 /* 008.jpg */ = {isa = PBXFileReference; lastKnownFileType = image.jpeg; path = 008.jpg; sourceTree = "<group>"; };
		D7C4122616C075CC0063E447 /* 009.jpg */ = {isa = PBXFileReference; lastKnownFileType = image.jpeg; path = 009.jpg; sourceTree = "<group>"; };
		D7C4122716C075CC0063E447 /* 01.png */ = {isa = PBXFileReference; lastKnownFileType = image.png; path = 01.png; sourceTree = "<group>"; };
		D7C4122816C075CC0063E447 /* 02.png */ = {isa = PBXFileReference; lastKnownFileType = image.png; path = 02.png; sourceTree = "<group>"; };
		D7C4122916C075CC0063E447 /* 03.png */ = {isa = PBXFileReference; lastKnownFileType = image.png; path = 03.png; sourceTree = "<group>"; };
		D7C4122A16C075CC0063E447 /* 04.png */ = {isa = PBXFileReference; lastKnownFileType = image.png; path = 04.png; sourceTree = "<group>"; };
		D7C4122B16C075CC0063E447 /* 05.png */ = {isa = PBXFileReference; lastKnownFileType = image.png; path = 05.png; sourceTree = "<group>"; };
		D7C4122C16C075CC0063E447 /* 1x.jpg */ = {isa = PBXFileReference; lastKnownFileType = image.jpeg; path = 1x.jpg; sourceTree = "<group>"; };
		D7C4122D16C075CC0063E447 /* 3.jpg */ = {isa = PBXFileReference; lastKnownFileType = image.jpeg; path = 3.jpg; sourceTree = "<group>"; };
		D7C4122E16C075CC0063E447 /* 6.jpg */ = {isa = PBXFileReference; lastKnownFileType = image.jpeg; path = 6.jpg; sourceTree = "<group>"; };
		D7C4122F16C075CC0063E447 /* 8.jpg */ = {isa = PBXFileReference; lastKnownFileType = image.jpeg; path = 8.jpg; sourceTree = "<group>"; };
		D7C4123016C075CC0063E447 /* shovel.png */ = {isa = PBXFileReference; lastKnownFileType = image.png; path = shovel.png; sourceTree = "<group>"; };
		D7C4123116C075CC0063E447 /* shovel@2x.png */ = {isa = PBXFileReference; lastKnownFileType = image.png; path = "shovel@2x.png"; sourceTree = "<group>"; };
		D7C4123216C075CC0063E447 /* data.json */ = {isa = PBXFileReference; fileEncoding = 4; lastKnownFileType = text.json; path = data.json; sourceTree = "<group>"; };
		D7C4123416C075CC0063E447 /* Icon-72.png */ = {isa = PBXFileReference; lastKnownFileType = image.png; path = "Icon-72.png"; sourceTree = "<group>"; };
		D7C4123516C075CC0063E447 /* Icon-72@2x.png */ = {isa = PBXFileReference; lastKnownFileType = image.png; path = "Icon-72@2x.png"; sourceTree = "<group>"; };
		D7C4123616C075CC0063E447 /* Icon-Small-50.png */ = {isa = PBXFileReference; lastKnownFileType = image.png; path = "Icon-Small-50.png"; sourceTree = "<group>"; };
		D7C4123716C075CC0063E447 /* Icon-Small-50@2x.png */ = {isa = PBXFileReference; lastKnownFileType = image.png; path = "Icon-Small-50@2x.png"; sourceTree = "<group>"; };
		D7C4123816C075CC0063E447 /* Icon-Small.png */ = {isa = PBXFileReference; lastKnownFileType = image.png; path = "Icon-Small.png"; sourceTree = "<group>"; };
		D7C4123916C075CC0063E447 /* Icon-Small@2x.png */ = {isa = PBXFileReference; lastKnownFileType = image.png; path = "Icon-Small@2x.png"; sourceTree = "<group>"; };
		D7C4123A16C075CC0063E447 /* Icon.png */ = {isa = PBXFileReference; lastKnownFileType = image.png; path = Icon.png; sourceTree = "<group>"; };
		D7C4123B16C075CC0063E447 /* Icon@2x.png */ = {isa = PBXFileReference; lastKnownFileType = image.png; path = "Icon@2x.png"; sourceTree = "<group>"; };
		D7C4123C16C075CC0063E447 /* iTunesArtwork.png */ = {isa = PBXFileReference; lastKnownFileType = image.png; path = iTunesArtwork.png; sourceTree = "<group>"; };
		D7C4123D16C075CC0063E447 /* iTunesArtwork@2x.png */ = {isa = PBXFileReference; lastKnownFileType = image.png; path = "iTunesArtwork@2x.png"; sourceTree = "<group>"; };
		D7C4124016C075CC0063E447 /* fram.png */ = {isa = PBXFileReference; lastKnownFileType = image.png; path = fram.png; sourceTree = "<group>"; };
		D7C4124116C075CC0063E447 /* frambuesa.png */ = {isa = PBXFileReference; lastKnownFileType = image.png; path = frambuesa.png; sourceTree = "<group>"; };
		D7C4124216C075CC0063E447 /* frambueza-01.png */ = {isa = PBXFileReference; lastKnownFileType = image.png; path = "frambueza-01.png"; sourceTree = "<group>"; };
		D7C4124316C075CC0063E447 /* fresa-01.png */ = {isa = PBXFileReference; lastKnownFileType = image.png; path = "fresa-01.png"; sourceTree = "<group>"; };
		D7C4124416C075CC0063E447 /* fresa.png */ = {isa = PBXFileReference; lastKnownFileType = image.png; path = fresa.png; sourceTree = "<group>"; };
		D7C4124516C075CC0063E447 /* kindberry.png */ = {isa = PBXFileReference; lastKnownFileType = image.png; path = kindberry.png; sourceTree = "<group>"; };
		D7C4124616C075CC0063E447 /* kinder.png */ = {isa = PBXFileReference; lastKnownFileType = image.png; path = kinder.png; sourceTree = "<group>"; };
		D7C4124716C075CC0063E447 /* view.webloc */ = {isa = PBXFileReference; fileEncoding = 4; lastKnownFileType = text.xml; path = view.webloc; sourceTree = "<group>"; };
		D7C4124816C075CC0063E447 /* zanahoria-01.png */ = {isa = PBXFileReference; lastKnownFileType = image.png; path = "zanahoria-01.png"; sourceTree = "<group>"; };
		D7C4124916C075CC0063E447 /* zanahoria.png */ = {isa = PBXFileReference; lastKnownFileType = image.png; path = zanahoria.png; sourceTree = "<group>"; };
		D7C4124B16C075CC0063E447 /* greenButton.png */ = {isa = PBXFileReference; lastKnownFileType = image.png; path = greenButton.png; sourceTree = "<group>"; };
		D7C4124C16C075CC0063E447 /* greenButton@2x.png */ = {isa = PBXFileReference; lastKnownFileType = image.png; path = "greenButton@2x.png"; sourceTree = "<group>"; };
		D7C4124D16C075CC0063E447 /* greenButtonHighlight.png */ = {isa = PBXFileReference; lastKnownFileType = image.png; path = greenButtonHighlight.png; sourceTree = "<group>"; };
		D7C4124E16C075CC0063E447 /* greenButtonHighlight@2x.png */ = {isa = PBXFileReference; lastKnownFileType = image.png; path = "greenButtonHighlight@2x.png"; sourceTree = "<group>"; };
		D7C4124F16C075CC0063E447 /* greenTexture.png */ = {isa = PBXFileReference; lastKnownFileType = image.png; path = greenTexture.png; sourceTree = "<group>"; };
		D7C4125016C075CC0063E447 /* greenTexture@2x.png */ = {isa = PBXFileReference; lastKnownFileType = image.png; path = "greenTexture@2x.png"; sourceTree = "<group>"; };
		D7C4125116C075CC0063E447 /* greyButton.png */ = {isa = PBXFileReference; lastKnownFileType = image.png; path = greyButton.png; sourceTree = "<group>"; };
		D7C4125216C075CC0063E447 /* greyButton@2x.png */ = {isa = PBXFileReference; lastKnownFileType = image.png; path = "greyButton@2x.png"; sourceTree = "<group>"; };
		D7C4125316C075CC0063E447 /* greyButton@2xpng */ = {isa = PBXFileReference; lastKnownFileType = file; path = "greyButton@2xpng"; sourceTree = "<group>"; };
		D7C4125416C075CC0063E447 /* greyButtonHighlight.png */ = {isa = PBXFileReference; lastKnownFileType = image.png; path = greyButtonHighlight.png; sourceTree = "<group>"; };
		D7C4125516C075CC0063E447 /* greyButtonHighlight@2x.png */ = {isa = PBXFileReference; lastKnownFileType = image.png; path = "greyButtonHighlight@2x.png"; sourceTree = "<group>"; };
		D7C4125616C075CC0063E447 /* px_by_Gre3g.png */ = {isa = PBXFileReference; lastKnownFileType = image.png; path = px_by_Gre3g.png; sourceTree = "<group>"; };
		D7C4125716C075CC0063E447 /* px_by_Gre3g_@2X.png */ = {isa = PBXFileReference; lastKnownFileType = image.png; path = "px_by_Gre3g_@2X.png"; sourceTree = "<group>"; };
		D7C4129116C076650063E447 /* Default-568h@2x.png */ = {isa = PBXFileReference; lastKnownFileType = image.png; path = "Default-568h@2x.png"; sourceTree = "<group>"; };
/* End PBXFileReference section */

/* Begin PBXFrameworksBuildPhase section */
		D7C40EF116BCAFCE0063E447 /* Frameworks */ = {
			isa = PBXFrameworksBuildPhase;
			buildActionMask = 2147483647;
			files = (
				D7C411F116BF8EF60063E447 /* Accelerate.framework in Frameworks */,
				D7C411EF16BF8EEF0063E447 /* CoreImage.framework in Frameworks */,
				D7C411ED16BF8E9F0063E447 /* libPadeMobileSDK.a in Frameworks */,
				D7C411D716BF888E0063E447 /* MediaPlayer.framework in Frameworks */,
				D7C40F8B16BCFB5F0063E447 /* QuartzCore.framework in Frameworks */,
				D7C40EF916BCAFCE0063E447 /* UIKit.framework in Frameworks */,
				D7C40EFB16BCAFCE0063E447 /* Foundation.framework in Frameworks */,
				D7C40EFD16BCAFCE0063E447 /* CoreGraphics.framework in Frameworks */,
			);
			runOnlyForDeploymentPostprocessing = 0;
		};
		D7C40F1116BCAFCE0063E447 /* Frameworks */ = {
			isa = PBXFrameworksBuildPhase;
			buildActionMask = 2147483647;
			files = (
				D7C40F1716BCAFCE0063E447 /* SenTestingKit.framework in Frameworks */,
				D7C40F1816BCAFCE0063E447 /* UIKit.framework in Frameworks */,
				D7C40F1916BCAFCE0063E447 /* Foundation.framework in Frameworks */,
			);
			runOnlyForDeploymentPostprocessing = 0;
		};
/* End PBXFrameworksBuildPhase section */

/* Begin PBXGroup section */
		D7C40EE916BCAFCE0063E447 = {
			isa = PBXGroup;
			children = (
				D7C4129116C076650063E447 /* Default-568h@2x.png */,
				D7C4120316C05D590063E447 /* Icon@2x.png */,
				D7C4120116C05D4E0063E447 /* Icon.png */,
				D7C411F016BF8EF60063E447 /* Accelerate.framework */,
				D7C411EE16BF8EEF0063E447 /* CoreImage.framework */,
				D7C40EFE16BCAFCE0063E447 /* Biosparta */,
				D7C40F1C16BCAFCE0063E447 /* BiospartaTests */,
				D7C40EF716BCAFCE0063E447 /* Frameworks */,
				D7C40EF516BCAFCE0063E447 /* Products */,
			);
			sourceTree = "<group>";
		};
		D7C40EF516BCAFCE0063E447 /* Products */ = {
			isa = PBXGroup;
			children = (
				D7C40EF416BCAFCE0063E447 /* Biosparta.app */,
				D7C40F1516BCAFCE0063E447 /* BiospartaTests.octest */,
			);
			name = Products;
			sourceTree = "<group>";
		};
		D7C40EF716BCAFCE0063E447 /* Frameworks */ = {
			isa = PBXGroup;
			children = (
				D7C411E116BF8E990063E447 /* PadeMobileSDK.xcodeproj */,
				D7C411D616BF888D0063E447 /* MediaPlayer.framework */,
				D7C40F8A16BCFB5F0063E447 /* QuartzCore.framework */,
				D7C40EF816BCAFCE0063E447 /* UIKit.framework */,
				D7C40EFA16BCAFCE0063E447 /* Foundation.framework */,
				D7C40EFC16BCAFCE0063E447 /* CoreGraphics.framework */,
				D7C40F1616BCAFCE0063E447 /* SenTestingKit.framework */,
			);
			name = Frameworks;
			sourceTree = "<group>";
		};
		D7C40EFE16BCAFCE0063E447 /* Biosparta */ = {
			isa = PBXGroup;
			children = (
				D7C411BA16BF330F0063E447 /* Model */,
				D7C40F6316BCB77E0063E447 /* Resources */,
				D7C40F5F16BCB70D0063E447 /* Services */,
				D7C40F5816BCB0B60063E447 /* ViewsControllers */,
				D7C40F5716BCB0AC0063E447 /* Views */,
				D7C40F5516BCB0980063E447 /* BussiesControllers */,
				D7C40F2D16BCAFF10063E447 /* ExternalLibs */,
				D7C40F0716BCAFCE0063E447 /* AppDelegate.h */,
				D7C40F0816BCAFCE0063E447 /* AppDelegate.m */,
				D7C40EFF16BCAFCE0063E447 /* Supporting Files */,
			);
			path = Biosparta;
			sourceTree = "<group>";
		};
		D7C40EFF16BCAFCE0063E447 /* Supporting Files */ = {
			isa = PBXGroup;
			children = (
				D7C40F0016BCAFCE0063E447 /* Biosparta-Info.plist */,
				D7C40F0116BCAFCE0063E447 /* InfoPlist.strings */,
				D7C40F0416BCAFCE0063E447 /* main.m */,
				D7C40F0616BCAFCE0063E447 /* Biosparta-Prefix.pch */,
				D7C40F0A16BCAFCE0063E447 /* Default.png */,
				D7C40F0C16BCAFCE0063E447 /* Default@2x.png */,
				D7C40F0E16BCAFCE0063E447 /* Default-568h@2x.png */,
			);
			name = "Supporting Files";
			sourceTree = "<group>";
		};
		D7C40F1C16BCAFCE0063E447 /* BiospartaTests */ = {
			isa = PBXGroup;
			children = (
				D7C40F2216BCAFCE0063E447 /* BiospartaTests.h */,
				D7C40F2316BCAFCE0063E447 /* BiospartaTests.m */,
				D7C40F1D16BCAFCE0063E447 /* Supporting Files */,
			);
			path = BiospartaTests;
			sourceTree = "<group>";
		};
		D7C40F1D16BCAFCE0063E447 /* Supporting Files */ = {
			isa = PBXGroup;
			children = (
				D7C40F1E16BCAFCE0063E447 /* BiospartaTests-Info.plist */,
				D7C40F1F16BCAFCE0063E447 /* InfoPlist.strings */,
			);
			name = "Supporting Files";
			sourceTree = "<group>";
		};
		D7C40F2D16BCAFF10063E447 /* ExternalLibs */ = {
			isa = PBXGroup;
			children = (
				D7C40F7916BCD3A10063E447 /* ParallelView */,
				D7C40F4216BCB0210063E447 /* MosaicUI */,
			);
			name = ExternalLibs;
			sourceTree = "<group>";
		};
		D7C40F4216BCB0210063E447 /* MosaicUI */ = {
			isa = PBXGroup;
			children = (
				D7C40F4316BCB0210063E447 /* Entities */,
				D7C40F4616BCB0210063E447 /* Logic */,
				D7C40F4916BCB0210063E447 /* Protocols */,
				D7C40F4C16BCB0210063E447 /* Views */,
			);
			name = MosaicUI;
			path = Libs/MosaicUI;
			sourceTree = SOURCE_ROOT;
		};
		D7C40F4316BCB0210063E447 /* Entities */ = {
			isa = PBXGroup;
			children = (
				D7C40F4416BCB0210063E447 /* MosaicData.h */,
				D7C40F4516BCB0210063E447 /* MosaicData.m */,
			);
			path = Entities;
			sourceTree = "<group>";
		};
		D7C40F4616BCB0210063E447 /* Logic */ = {
			isa = PBXGroup;
			children = (
				D7C40F4716BCB0210063E447 /* TwoDimentionalArray.h */,
				D7C40F4816BCB0210063E447 /* TwoDimentionalArray.m */,
			);
			path = Logic;
			sourceTree = "<group>";
		};
		D7C40F4916BCB0210063E447 /* Protocols */ = {
			isa = PBXGroup;
			children = (
				D7C40F4A16BCB0210063E447 /* MosaicViewDatasourceProtocol.h */,
				D7C40F4B16BCB0210063E447 /* MosaicViewDelegateProtocol.h */,
			);
			path = Protocols;
			sourceTree = "<group>";
		};
		D7C40F4C16BCB0210063E447 /* Views */ = {
			isa = PBXGroup;
			children = (
				D7C40F4D16BCB0210063E447 /* MosaicDataView.h */,
				D7C40F4E16BCB0210063E447 /* MosaicDataView.m */,
				D7C40F4F16BCB0210063E447 /* MosaicView.h */,
				D7C40F5016BCB0210063E447 /* MosaicView.m */,
			);
			path = Views;
			sourceTree = "<group>";
		};
		D7C40F5516BCB0980063E447 /* BussiesControllers */ = {
			isa = PBXGroup;
			children = (
				D7C411F216BF8FDD0063E447 /* BiospartaMasterController.h */,
				D7C411F316BF8FDD0063E447 /* BiospartaMasterController.m */,
			);
			name = BussiesControllers;
			sourceTree = "<group>";
		};
		D7C40F5716BCB0AC0063E447 /* Views */ = {
			isa = PBXGroup;
			children = (
				D7C411CB16BF3D0C0063E447 /* SignupTableViewController.xib */,
				D7C4104016BDCAB50063E447 /* ProductListController.xib */,
				D7C40F5B16BCB15B0063E447 /* MainViewController.xib */,
			);
			name = Views;
			sourceTree = "<group>";
		};
		D7C40F5816BCB0B60063E447 /* ViewsControllers */ = {
			isa = PBXGroup;
			children = (
				D7C411C816BF3CFE0063E447 /* SignupTableViewController.h */,
				D7C411C916BF3CFE0063E447 /* SignupTableViewController.m */,
				D7C40F5E16BCB6C90063E447 /* Protocols */,
				D7C4105016BDFA9D0063E447 /* GKLParallaxPicturesViewController.h */,
				D7C4105116BDFA9D0063E447 /* GKLParallaxPicturesViewController.m */,
				D7C40F5916BCB15B0063E447 /* MainViewController.h */,
				D7C40F5A16BCB15B0063E447 /* MainViewController.m */,
				D7C4103E16BDCAB40063E447 /* ProductListController.h */,
				D7C4103F16BDCAB50063E447 /* ProductListController.m */,
			);
			name = ViewsControllers;
			sourceTree = "<group>";
		};
		D7C40F5E16BCB6C90063E447 /* Protocols */ = {
			isa = PBXGroup;
			children = (
				D7C40F8916BCF09D0063E447 /* ProductListDelegate.h */,
				D7C4105916BE09A40063E447 /* NavigationDelegate.h */,
			);
			name = Protocols;
			sourceTree = "<group>";
		};
		D7C40F5F16BCB70D0063E447 /* Services */ = {
			isa = PBXGroup;
			children = (
				D7C40F6016BCB7190063E447 /* CustomMosaicDatasource.h */,
				D7C40F6116BCB7190063E447 /* CustomMosaicDatasource.m */,
			);
			name = Services;
			sourceTree = "<group>";
		};
		D7C40F6316BCB77E0063E447 /* Resources */ = {
			isa = PBXGroup;
			children = (
				D7C4120516C05DA00063E447 /* icon */,
				D7C411CD16BF3E210063E447 /* Localizable.strings */,
				D7C4106D16BE26E00063E447 /* productTextures */,
				D7C4106216BE20210063E447 /* textures */,
				D7C40F6416BCB77F0063E447 /* Assets */,
				D7C40F6E16BCB77F0063E447 /* data.json */,
			);
			path = Resources;
			sourceTree = SOURCE_ROOT;
		};
		D7C40F6416BCB77F0063E447 /* Assets */ = {
			isa = PBXGroup;
			children = (
				D7C4106716BE221E0063E447 /* 05.png */,
				D7C4105A16BE15330063E447 /* 01.png */,
				D7C4105B16BE15340063E447 /* 02.png */,
				D7C4105C16BE15360063E447 /* 03.png */,
				D7C4105D16BE15380063E447 /* 04.png */,
				D7C4105516BDFC730063E447 /* shovel.png */,
				D7C4105616BDFC730063E447 /* shovel@2x.png */,
			);
			path = Assets;
			sourceTree = "<group>";
		};
		D7C40F7916BCD3A10063E447 /* ParallelView */ = {
			isa = PBXGroup;
			children = (
				D7C40F7A16BCD3A20063E447 /* UITableView+ZGParallelView.h */,
				D7C40F7B16BCD3A20063E447 /* UITableView+ZGParallelView.m */,
			);
			name = ParallelView;
			path = Libs/ParallelView;
			sourceTree = SOURCE_ROOT;
		};
		D7C4106216BE20210063E447 /* textures */ = {
			isa = PBXGroup;
			children = (
				D7C3A6AA16C0929B00A83343 /* greyTexture.png */,
				D7C3A6A616C0912F00A83343 /* orangeButton.png */,
				D7C3A6A716C0912F00A83343 /* orangeButton@2x.png */,
				D7C411D016BF5E780063E447 /* greenTexture.png */,
				D7C411D116BF5E780063E447 /* greenTexture@2x.png */,
				D7C4107816BE28CB0063E447 /* greyButton@2xpng */,
				D7C4107916BE28CC0063E447 /* greyButtonHighlight@2x.png */,
				D7C4107A16BE28CC0063E447 /* greenButtonHighlight@2x.png */,
				D7C4107B16BE28CD0063E447 /* greenButtonHighlight.png */,
				D7C4107C16BE28CD0063E447 /* greyTexture@2x.png */,
				D7C4107D16BE28CD0063E447 /* greyButtonHighlight.png */,
				D7C4107E16BE28CE0063E447 /* greyButton.png */,
				D7C4106916BE23400063E447 /* greenButton@2x.png */,
				D7C4106A16BE23400063E447 /* greenButton.png */,
				D7C4106316BE204B0063E447 /* px_by_Gre3g_@2X.png */,
				D7C4106416BE204B0063E447 /* px_by_Gre3g.png */,
			);
			name = textures;
			sourceTree = "<group>";
		};
		D7C4106D16BE26E00063E447 /* productTextures */ = {
			isa = PBXGroup;
			children = (
				D7C4108616BE298D0063E447 /* zanahoria.png */,
				D7C4108716BE298D0063E447 /* kinder.png */,
				D7C4108816BE298D0063E447 /* fresa.png */,
				D7C4108916BE298D0063E447 /* fram.png */,
				D7C4106E16BE26E20063E447 /* frambueza-01.png */,
				D7C4106F16BE26E20063E447 /* fresa-01.png */,
				D7C4107016BE26E20063E447 /* kindberry.png */,
				D7C4107216BE26E20063E447 /* zanahoria-01.png */,
			);
			path = productTextures;
			sourceTree = "<group>";
		};
		D7C411BA16BF330F0063E447 /* Model */ = {
			isa = PBXGroup;
			children = (
				D7C411BC16BF334E0063E447 /* Product.h */,
				D7C411BD16BF334E0063E447 /* Product.m */,
			);
			name = Model;
			sourceTree = "<group>";
		};
		D7C411E216BF8E990063E447 /* Products */ = {
			isa = PBXGroup;
			children = (
				D7C411EA16BF8E990063E447 /* libPadeMobileSDK.a */,
				D7C411EC16BF8E990063E447 /* PadeMobileSDKTests.octest */,
			);
			name = Products;
			sourceTree = "<group>";
		};
		D7C4120516C05DA00063E447 /* icon */ = {
			isa = PBXGroup;
			children = (
				D7C4121A16C075CC0063E447 /* Default.png */,
				D7C4121B16C075CC0063E447 /* Default@2x.png */,
				D7C4121C16C075CC0063E447 /* Resources */,
				D7C4120616C05DA00063E447 /* Icon-72.png */,
				D7C4120716C05DA00063E447 /* Icon-72@2x.png */,
				D7C4120816C05DA00063E447 /* Icon-Small-50.png */,
				D7C4120916C05DA00063E447 /* Icon-Small-50@2x.png */,
				D7C4120A16C05DA00063E447 /* Icon-Small.png */,
				D7C4120B16C05DA00063E447 /* Icon-Small@2x.png */,
				D7C4120C16C05DA00063E447 /* Icon.png */,
				D7C4120D16C05DA00063E447 /* Icon@2x.png */,
				D7C4120E16C05DA00063E447 /* iTunesArtwork.png */,
				D7C4120F16C05DA00063E447 /* iTunesArtwork@2x.png */,
			);
			path = icon;
			sourceTree = "<group>";
		};
		D7C4121C16C075CC0063E447 /* Resources */ = {
			isa = PBXGroup;
			children = (
				D7C4121D16C075CC0063E447 /* Assets */,
				D7C4123216C075CC0063E447 /* data.json */,
				D7C4123316C075CC0063E447 /* icon */,
				D7C4123E16C075CC0063E447 /* productTextures */,
				D7C4124A16C075CC0063E447 /* textures */,
			);
			path = Resources;
			sourceTree = SOURCE_ROOT;
		};
		D7C4121D16C075CC0063E447 /* Assets */ = {
			isa = PBXGroup;
			children = (
				D7C4121E16C075CC0063E447 /* 001.jpg */,
				D7C4121F16C075CC0063E447 /* 002.jpg */,
				D7C4122016C075CC0063E447 /* 003.jpg */,
				D7C4122116C075CC0063E447 /* 004.jpg */,
				D7C4122216C075CC0063E447 /* 005.jpg */,
				D7C4122316C075CC0063E447 /* 006.jpg */,
				D7C4122416C075CC0063E447 /* 007.jpg */,
				D7C4122516C075CC0063E447 /* 008.jpg */,
				D7C4122616C075CC0063E447 /* 009.jpg */,
				D7C4122716C075CC0063E447 /* 01.png */,
				D7C4122816C075CC0063E447 /* 02.png */,
				D7C4122916C075CC0063E447 /* 03.png */,
				D7C4122A16C075CC0063E447 /* 04.png */,
				D7C4122B16C075CC0063E447 /* 05.png */,
				D7C4122C16C075CC0063E447 /* 1x.jpg */,
				D7C4122D16C075CC0063E447 /* 3.jpg */,
				D7C4122E16C075CC0063E447 /* 6.jpg */,
				D7C4122F16C075CC0063E447 /* 8.jpg */,
				D7C4123016C075CC0063E447 /* shovel.png */,
				D7C4123116C075CC0063E447 /* shovel@2x.png */,
			);
			path = Assets;
			sourceTree = "<group>";
		};
		D7C4123316C075CC0063E447 /* icon */ = {
			isa = PBXGroup;
			children = (
				D7C4123416C075CC0063E447 /* Icon-72.png */,
				D7C4123516C075CC0063E447 /* Icon-72@2x.png */,
				D7C4123616C075CC0063E447 /* Icon-Small-50.png */,
				D7C4123716C075CC0063E447 /* Icon-Small-50@2x.png */,
				D7C4123816C075CC0063E447 /* Icon-Small.png */,
				D7C4123916C075CC0063E447 /* Icon-Small@2x.png */,
				D7C4123A16C075CC0063E447 /* Icon.png */,
				D7C4123B16C075CC0063E447 /* Icon@2x.png */,
				D7C4123C16C075CC0063E447 /* iTunesArtwork.png */,
				D7C4123D16C075CC0063E447 /* iTunesArtwork@2x.png */,
			);
			path = icon;
			sourceTree = "<group>";
		};
		D7C4123E16C075CC0063E447 /* productTextures */ = {
			isa = PBXGroup;
			children = (
				D7C4124016C075CC0063E447 /* fram.png */,
				D7C4124116C075CC0063E447 /* frambuesa.png */,
				D7C4124216C075CC0063E447 /* frambueza-01.png */,
				D7C4124316C075CC0063E447 /* fresa-01.png */,
				D7C4124416C075CC0063E447 /* fresa.png */,
				D7C4124516C075CC0063E447 /* kindberry.png */,
				D7C4124616C075CC0063E447 /* kinder.png */,
				D7C4124716C075CC0063E447 /* view.webloc */,
				D7C4124816C075CC0063E447 /* zanahoria-01.png */,
				D7C4124916C075CC0063E447 /* zanahoria.png */,
			);
			path = productTextures;
			sourceTree = "<group>";
		};
		D7C4124A16C075CC0063E447 /* textures */ = {
			isa = PBXGroup;
			children = (
				D7C4124B16C075CC0063E447 /* greenButton.png */,
				D7C4124C16C075CC0063E447 /* greenButton@2x.png */,
				D7C4124D16C075CC0063E447 /* greenButtonHighlight.png */,
				D7C4124E16C075CC0063E447 /* greenButtonHighlight@2x.png */,
				D7C4124F16C075CC0063E447 /* greenTexture.png */,
				D7C4125016C075CC0063E447 /* greenTexture@2x.png */,
				D7C4125116C075CC0063E447 /* greyButton.png */,
				D7C4125216C075CC0063E447 /* greyButton@2x.png */,
				D7C4125316C075CC0063E447 /* greyButton@2xpng */,
				D7C4125416C075CC0063E447 /* greyButtonHighlight.png */,
				D7C4125516C075CC0063E447 /* greyButtonHighlight@2x.png */,
				D7C4125616C075CC0063E447 /* px_by_Gre3g.png */,
				D7C4125716C075CC0063E447 /* px_by_Gre3g_@2X.png */,
			);
			path = textures;
			sourceTree = "<group>";
		};
/* End PBXGroup section */

/* Begin PBXNativeTarget section */
		D7C40EF316BCAFCE0063E447 /* Biosparta */ = {
			isa = PBXNativeTarget;
			buildConfigurationList = D7C40F2716BCAFCE0063E447 /* Build configuration list for PBXNativeTarget "Biosparta" */;
			buildPhases = (
				D7C40EF016BCAFCE0063E447 /* Sources */,
				D7C40EF116BCAFCE0063E447 /* Frameworks */,
				D7C40EF216BCAFCE0063E447 /* Resources */,
			);
			buildRules = (
			);
			dependencies = (
			);
			name = Biosparta;
			productName = Biosparta;
			productReference = D7C40EF416BCAFCE0063E447 /* Biosparta.app */;
			productType = "com.apple.product-type.application";
		};
		D7C40F1416BCAFCE0063E447 /* BiospartaTests */ = {
			isa = PBXNativeTarget;
			buildConfigurationList = D7C40F2A16BCAFCE0063E447 /* Build configuration list for PBXNativeTarget "BiospartaTests" */;
			buildPhases = (
				D7C40F1016BCAFCE0063E447 /* Sources */,
				D7C40F1116BCAFCE0063E447 /* Frameworks */,
				D7C40F1216BCAFCE0063E447 /* Resources */,
				D7C40F1316BCAFCE0063E447 /* ShellScript */,
			);
			buildRules = (
			);
			dependencies = (
				D7C40F1B16BCAFCE0063E447 /* PBXTargetDependency */,
			);
			name = BiospartaTests;
			productName = BiospartaTests;
			productReference = D7C40F1516BCAFCE0063E447 /* BiospartaTests.octest */;
			productType = "com.apple.product-type.bundle";
		};
/* End PBXNativeTarget section */

/* Begin PBXProject section */
		D7C40EEB16BCAFCE0063E447 /* Project object */ = {
			isa = PBXProject;
			attributes = {
				LastUpgradeCheck = 0450;
				ORGANIZATIONNAME = "Jesus Cagide";
			};
			buildConfigurationList = D7C40EEE16BCAFCE0063E447 /* Build configuration list for PBXProject "Biosparta" */;
			compatibilityVersion = "Xcode 3.2";
			developmentRegion = English;
			hasScannedForEncodings = 0;
			knownRegions = (
				en,
			);
			mainGroup = D7C40EE916BCAFCE0063E447;
			productRefGroup = D7C40EF516BCAFCE0063E447 /* Products */;
			projectDirPath = "";
			projectReferences = (
				{
					ProductGroup = D7C411E216BF8E990063E447 /* Products */;
					ProjectRef = D7C411E116BF8E990063E447 /* PadeMobileSDK.xcodeproj */;
				},
			);
			projectRoot = "";
			targets = (
				D7C40EF316BCAFCE0063E447 /* Biosparta */,
				D7C40F1416BCAFCE0063E447 /* BiospartaTests */,
			);
		};
/* End PBXProject section */

/* Begin PBXReferenceProxy section */
		D7C411EA16BF8E990063E447 /* libPadeMobileSDK.a */ = {
			isa = PBXReferenceProxy;
			fileType = archive.ar;
			path = libPadeMobileSDK.a;
			remoteRef = D7C411E916BF8E990063E447 /* PBXContainerItemProxy */;
			sourceTree = BUILT_PRODUCTS_DIR;
		};
		D7C411EC16BF8E990063E447 /* PadeMobileSDKTests.octest */ = {
			isa = PBXReferenceProxy;
			fileType = wrapper.cfbundle;
			path = PadeMobileSDKTests.octest;
			remoteRef = D7C411EB16BF8E990063E447 /* PBXContainerItemProxy */;
			sourceTree = BUILT_PRODUCTS_DIR;
		};
/* End PBXReferenceProxy section */

/* Begin PBXResourcesBuildPhase section */
		D7C40EF216BCAFCE0063E447 /* Resources */ = {
			isa = PBXResourcesBuildPhase;
			buildActionMask = 2147483647;
			files = (
				D7C40F0316BCAFCE0063E447 /* InfoPlist.strings in Resources */,
				D7C40F0B16BCAFCE0063E447 /* Default.png in Resources */,
				D7C40F0D16BCAFCE0063E447 /* Default@2x.png in Resources */,
				D7C40F0F16BCAFCE0063E447 /* Default-568h@2x.png in Resources */,
				D7C40F5D16BCB15B0063E447 /* MainViewController.xib in Resources */,
				D7C40F7816BCB77F0063E447 /* data.json in Resources */,
				D7C4104216BDCAB50063E447 /* ProductListController.xib in Resources */,
				D7C4105716BDFC730063E447 /* shovel.png in Resources */,
				D7C4105816BDFC730063E447 /* shovel@2x.png in Resources */,
				D7C4105E16BE15380063E447 /* 01.png in Resources */,
				D7C4105F16BE15380063E447 /* 02.png in Resources */,
				D7C4106016BE15380063E447 /* 03.png in Resources */,
				D7C4106116BE15380063E447 /* 04.png in Resources */,
				D7C4106516BE204B0063E447 /* px_by_Gre3g_@2X.png in Resources */,
				D7C4106616BE204B0063E447 /* px_by_Gre3g.png in Resources */,
				D7C4106816BE221F0063E447 /* 05.png in Resources */,
				D7C4106B16BE23400063E447 /* greenButton@2x.png in Resources */,
				D7C4106C16BE23400063E447 /* greenButton.png in Resources */,
				D7C4107316BE26E20063E447 /* frambueza-01.png in Resources */,
				D7C4107416BE26E20063E447 /* fresa-01.png in Resources */,
				D7C4107516BE26E20063E447 /* kindberry.png in Resources */,
				D7C4107716BE26E20063E447 /* zanahoria-01.png in Resources */,
				D7C4107F16BE28CE0063E447 /* greyButton@2xpng in Resources */,
				D7C4108016BE28CE0063E447 /* greyButtonHighlight@2x.png in Resources */,
				D7C4108116BE28CE0063E447 /* greenButtonHighlight@2x.png in Resources */,
				D7C4108216BE28CE0063E447 /* greenButtonHighlight.png in Resources */,
				D7C4108316BE28CE0063E447 /* greyTexture@2x.png in Resources */,
				D7C4108416BE28CE0063E447 /* greyButtonHighlight.png in Resources */,
				D7C4108516BE28CE0063E447 /* greyButton.png in Resources */,
				D7C4108A16BE298D0063E447 /* zanahoria.png in Resources */,
				D7C4108B16BE298D0063E447 /* kinder.png in Resources */,
				D7C4108C16BE298D0063E447 /* fresa.png in Resources */,
				D7C4108D16BE298D0063E447 /* fram.png in Resources */,
				D7C411CC16BF3D0C0063E447 /* SignupTableViewController.xib in Resources */,
				D7C411CF16BF3E210063E447 /* Localizable.strings in Resources */,
				D7C411D216BF5E780063E447 /* greenTexture.png in Resources */,
				D7C411D316BF5E780063E447 /* greenTexture@2x.png in Resources */,
				D7C4120216C05D4E0063E447 /* Icon.png in Resources */,
				D7C4120416C05D590063E447 /* Icon@2x.png in Resources */,
				D7C4121016C05DA00063E447 /* Icon-72.png in Resources */,
				D7C4121116C05DA00063E447 /* Icon-72@2x.png in Resources */,
				D7C4121216C05DA00063E447 /* Icon-Small-50.png in Resources */,
				D7C4121316C05DA00063E447 /* Icon-Small-50@2x.png in Resources */,
				D7C4121416C05DA00063E447 /* Icon-Small.png in Resources */,
				D7C4121516C05DA00063E447 /* Icon-Small@2x.png in Resources */,
				D7C4121616C05DA00063E447 /* Icon.png in Resources */,
				D7C4121716C05DA00063E447 /* Icon@2x.png in Resources */,
				D7C4121816C05DA00063E447 /* iTunesArtwork.png in Resources */,
				D7C4121916C05DA00063E447 /* iTunesArtwork@2x.png in Resources */,
				D7C4125816C075CC0063E447 /* Default.png in Resources */,
				D7C4125916C075CC0063E447 /* Default@2x.png in Resources */,
				D7C4125A16C075CC0063E447 /* 001.jpg in Resources */,
				D7C4125B16C075CC0063E447 /* 002.jpg in Resources */,
				D7C4125C16C075CC0063E447 /* 003.jpg in Resources */,
				D7C4125D16C075CC0063E447 /* 004.jpg in Resources */,
				D7C4125E16C075CC0063E447 /* 005.jpg in Resources */,
				D7C4125F16C075CC0063E447 /* 006.jpg in Resources */,
				D7C4126016C075CC0063E447 /* 007.jpg in Resources */,
				D7C4126116C075CC0063E447 /* 008.jpg in Resources */,
				D7C4126216C075CC0063E447 /* 009.jpg in Resources */,
				D7C4126316C075CC0063E447 /* 01.png in Resources */,
				D7C4126416C075CC0063E447 /* 02.png in Resources */,
				D7C4126516C075CC0063E447 /* 03.png in Resources */,
				D7C4126616C075CC0063E447 /* 04.png in Resources */,
				D7C4126716C075CC0063E447 /* 05.png in Resources */,
				D7C4126816C075CC0063E447 /* 1x.jpg in Resources */,
				D7C4126916C075CC0063E447 /* 3.jpg in Resources */,
				D7C4126A16C075CC0063E447 /* 6.jpg in Resources */,
				D7C4126B16C075CC0063E447 /* 8.jpg in Resources */,
				D7C4126C16C075CC0063E447 /* shovel.png in Resources */,
				D7C4126D16C075CC0063E447 /* shovel@2x.png in Resources */,
				D7C4126E16C075CC0063E447 /* data.json in Resources */,
				D7C4126F16C075CC0063E447 /* Icon-72.png in Resources */,
				D7C4127016C075CC0063E447 /* Icon-72@2x.png in Resources */,
				D7C4127116C075CC0063E447 /* Icon-Small-50.png in Resources */,
				D7C4127216C075CC0063E447 /* Icon-Small-50@2x.png in Resources */,
				D7C4127316C075CC0063E447 /* Icon-Small.png in Resources */,
				D7C4127416C075CC0063E447 /* Icon-Small@2x.png in Resources */,
				D7C4127516C075CC0063E447 /* Icon.png in Resources */,
				D7C4127616C075CC0063E447 /* Icon@2x.png in Resources */,
				D7C4127716C075CC0063E447 /* iTunesArtwork.png in Resources */,
				D7C4127816C075CC0063E447 /* iTunesArtwork@2x.png in Resources */,
				D7C4127A16C075CC0063E447 /* fram.png in Resources */,
				D7C4127B16C075CC0063E447 /* frambuesa.png in Resources */,
				D7C4127C16C075CC0063E447 /* frambueza-01.png in Resources */,
				D7C4127D16C075CC0063E447 /* fresa-01.png in Resources */,
				D7C4127E16C075CC0063E447 /* fresa.png in Resources */,
				D7C4127F16C075CC0063E447 /* kindberry.png in Resources */,
				D7C4128016C075CC0063E447 /* kinder.png in Resources */,
				D7C4128116C075CC0063E447 /* view.webloc in Resources */,
				D7C4128216C075CC0063E447 /* zanahoria-01.png in Resources */,
				D7C4128316C075CC0063E447 /* zanahoria.png in Resources */,
				D7C4128416C075CC0063E447 /* greenButton.png in Resources */,
				D7C4128516C075CC0063E447 /* greenButton@2x.png in Resources */,
				D7C4128616C075CC0063E447 /* greenButtonHighlight.png in Resources */,
				D7C4128716C075CC0063E447 /* greenButtonHighlight@2x.png in Resources */,
				D7C4128816C075CC0063E447 /* greenTexture.png in Resources */,
				D7C4128916C075CC0063E447 /* greenTexture@2x.png in Resources */,
				D7C4128A16C075CC0063E447 /* greyButton.png in Resources */,
				D7C4128B16C075CC0063E447 /* greyButton@2x.png in Resources */,
				D7C4128C16C075CC0063E447 /* greyButton@2xpng in Resources */,
				D7C4128D16C075CC0063E447 /* greyButtonHighlight.png in Resources */,
				D7C4128E16C075CC0063E447 /* greyButtonHighlight@2x.png in Resources */,
				D7C4128F16C075CC0063E447 /* px_by_Gre3g.png in Resources */,
				D7C4129016C075CC0063E447 /* px_by_Gre3g_@2X.png in Resources */,
				D7C4129216C076650063E447 /* Default-568h@2x.png in Resources */,
				D7C3A6A816C0912F00A83343 /* orangeButton.png in Resources */,
				D7C3A6A916C0912F00A83343 /* orangeButton@2x.png in Resources */,
				D7C3A6AB16C0929B00A83343 /* greyTexture.png in Resources */,
			);
			runOnlyForDeploymentPostprocessing = 0;
		};
		D7C40F1216BCAFCE0063E447 /* Resources */ = {
			isa = PBXResourcesBuildPhase;
			buildActionMask = 2147483647;
			files = (
				D7C40F2116BCAFCE0063E447 /* InfoPlist.strings in Resources */,
			);
			runOnlyForDeploymentPostprocessing = 0;
		};
/* End PBXResourcesBuildPhase section */

/* Begin PBXShellScriptBuildPhase section */
		D7C40F1316BCAFCE0063E447 /* ShellScript */ = {
			isa = PBXShellScriptBuildPhase;
			buildActionMask = 2147483647;
			files = (
			);
			inputPaths = (
			);
			outputPaths = (
			);
			runOnlyForDeploymentPostprocessing = 0;
			shellPath = /bin/sh;
			shellScript = "# Run the unit tests in this test bundle.\n\"${SYSTEM_DEVELOPER_DIR}/Tools/RunUnitTests\"\n";
		};
/* End PBXShellScriptBuildPhase section */

/* Begin PBXSourcesBuildPhase section */
		D7C40EF016BCAFCE0063E447 /* Sources */ = {
			isa = PBXSourcesBuildPhase;
			buildActionMask = 2147483647;
			files = (
				D7C40F0516BCAFCE0063E447 /* main.m in Sources */,
				D7C40F0916BCAFCE0063E447 /* AppDelegate.m in Sources */,
				D7C40F5116BCB0210063E447 /* MosaicData.m in Sources */,
				D7C40F5216BCB0210063E447 /* TwoDimentionalArray.m in Sources */,
				D7C40F5316BCB0210063E447 /* MosaicDataView.m in Sources */,
				D7C40F5416BCB0210063E447 /* MosaicView.m in Sources */,
				D7C40F5C16BCB15B0063E447 /* MainViewController.m in Sources */,
				D7C40F6216BCB7190063E447 /* CustomMosaicDatasource.m in Sources */,
				D7C40F7C16BCD3A20063E447 /* UITableView+ZGParallelView.m in Sources */,
				D7C4104116BDCAB50063E447 /* ProductListController.m in Sources */,
				D7C4105216BDFA9E0063E447 /* GKLParallaxPicturesViewController.m in Sources */,
				D7C411BE16BF334E0063E447 /* Product.m in Sources */,
				D7C411CA16BF3CFE0063E447 /* SignupTableViewController.m in Sources */,
				D7C411F416BF8FDD0063E447 /* BiospartaMasterController.m in Sources */,
			);
			runOnlyForDeploymentPostprocessing = 0;
		};
		D7C40F1016BCAFCE0063E447 /* Sources */ = {
			isa = PBXSourcesBuildPhase;
			buildActionMask = 2147483647;
			files = (
				D7C40F2416BCAFCE0063E447 /* BiospartaTests.m in Sources */,
			);
			runOnlyForDeploymentPostprocessing = 0;
		};
/* End PBXSourcesBuildPhase section */

/* Begin PBXTargetDependency section */
		D7C40F1B16BCAFCE0063E447 /* PBXTargetDependency */ = {
			isa = PBXTargetDependency;
			target = D7C40EF316BCAFCE0063E447 /* Biosparta */;
			targetProxy = D7C40F1A16BCAFCE0063E447 /* PBXContainerItemProxy */;
		};
/* End PBXTargetDependency section */

/* Begin PBXVariantGroup section */
		D7C40F0116BCAFCE0063E447 /* InfoPlist.strings */ = {
			isa = PBXVariantGroup;
			children = (
				D7C40F0216BCAFCE0063E447 /* en */,
			);
			name = InfoPlist.strings;
			sourceTree = "<group>";
		};
		D7C40F1F16BCAFCE0063E447 /* InfoPlist.strings */ = {
			isa = PBXVariantGroup;
			children = (
				D7C40F2016BCAFCE0063E447 /* en */,
			);
			name = InfoPlist.strings;
			sourceTree = "<group>";
		};
		D7C411CD16BF3E210063E447 /* Localizable.strings */ = {
			isa = PBXVariantGroup;
			children = (
				D7C411CE16BF3E210063E447 /* en */,
			);
			name = Localizable.strings;
			sourceTree = "<group>";
		};
/* End PBXVariantGroup section */

/* Begin XCBuildConfiguration section */
		D7C40F2516BCAFCE0063E447 /* Debug */ = {
			isa = XCBuildConfiguration;
			buildSettings = {
				ALWAYS_SEARCH_USER_PATHS = NO;
				CLANG_CXX_LANGUAGE_STANDARD = "gnu++0x";
				CLANG_CXX_LIBRARY = "libc++";
				CLANG_WARN_EMPTY_BODY = YES;
				CLANG_WARN__DUPLICATE_METHOD_MATCH = YES;
				"CODE_SIGN_IDENTITY[sdk=iphoneos*]" = "iPhone Developer";
				COPY_PHASE_STRIP = NO;
				GCC_C_LANGUAGE_STANDARD = gnu99;
				GCC_DYNAMIC_NO_PIC = NO;
				GCC_OPTIMIZATION_LEVEL = 0;
				GCC_PREPROCESSOR_DEFINITIONS = (
					"DEBUG=1",
					"$(inherited)",
				);
				GCC_SYMBOLS_PRIVATE_EXTERN = NO;
				GCC_WARN_ABOUT_RETURN_TYPE = YES;
				GCC_WARN_UNINITIALIZED_AUTOS = YES;
				GCC_WARN_UNUSED_VARIABLE = YES;
				IPHONEOS_DEPLOYMENT_TARGET = 6.0;
				ONLY_ACTIVE_ARCH = YES;
				SDKROOT = iphoneos;
			};
			name = Debug;
		};
		D7C40F2616BCAFCE0063E447 /* Release */ = {
			isa = XCBuildConfiguration;
			buildSettings = {
				ALWAYS_SEARCH_USER_PATHS = NO;
				CLANG_CXX_LANGUAGE_STANDARD = "gnu++0x";
				CLANG_CXX_LIBRARY = "libc++";
				CLANG_WARN_EMPTY_BODY = YES;
				CLANG_WARN__DUPLICATE_METHOD_MATCH = YES;
				"CODE_SIGN_IDENTITY[sdk=iphoneos*]" = "iPhone Developer";
				COPY_PHASE_STRIP = YES;
				GCC_C_LANGUAGE_STANDARD = gnu99;
				GCC_WARN_ABOUT_RETURN_TYPE = YES;
				GCC_WARN_UNINITIALIZED_AUTOS = YES;
				GCC_WARN_UNUSED_VARIABLE = YES;
				IPHONEOS_DEPLOYMENT_TARGET = 6.0;
				OTHER_CFLAGS = "-DNS_BLOCK_ASSERTIONS=1";
				SDKROOT = iphoneos;
				VALIDATE_PRODUCT = YES;
			};
			name = Release;
		};
		D7C40F2816BCAFCE0063E447 /* Debug */ = {
			isa = XCBuildConfiguration;
			buildSettings = {
				CODE_SIGN_IDENTITY = "iPhone Developer";
				GCC_PRECOMPILE_PREFIX_HEADER = YES;
				GCC_PREFIX_HEADER = "Biosparta/Biosparta-Prefix.pch";
				INFOPLIST_FILE = "Biosparta/Biosparta-Info.plist";
				OTHER_LDFLAGS = "-ObjC";
				PRODUCT_NAME = "$(TARGET_NAME)";
				PROVISIONING_PROFILE = "";
				WRAPPER_EXTENSION = app;
			};
			name = Debug;
		};
		D7C40F2916BCAFCE0063E447 /* Release */ = {
			isa = XCBuildConfiguration;
			buildSettings = {
				CODE_SIGN_IDENTITY = "iPhone Distribution";
				"CODE_SIGN_IDENTITY[sdk=iphoneos*]" = "iPhone Distribution";
				GCC_PRECOMPILE_PREFIX_HEADER = YES;
				GCC_PREFIX_HEADER = "Biosparta/Biosparta-Prefix.pch";
				INFOPLIST_FILE = "Biosparta/Biosparta-Info.plist";
				OTHER_LDFLAGS = "-ObjC";
				PRODUCT_NAME = "$(TARGET_NAME)";
				PROVISIONING_PROFILE = "";
				"PROVISIONING_PROFILE[sdk=iphoneos*]" = "";
				WRAPPER_EXTENSION = app;
			};
			name = Release;
		};
		D7C40F2B16BCAFCE0063E447 /* Debug */ = {
			isa = XCBuildConfiguration;
			buildSettings = {
				BUNDLE_LOADER = "$(BUILT_PRODUCTS_DIR)/Biosparta.app/Biosparta";
				FRAMEWORK_SEARCH_PATHS = (
					"\"$(SDKROOT)/Developer/Library/Frameworks\"",
					"\"$(DEVELOPER_LIBRARY_DIR)/Frameworks\"",
				);
				GCC_PRECOMPILE_PREFIX_HEADER = YES;
				GCC_PREFIX_HEADER = "Biosparta/Biosparta-Prefix.pch";
				INFOPLIST_FILE = "BiospartaTests/BiospartaTests-Info.plist";
				PRODUCT_NAME = "$(TARGET_NAME)";
				TEST_HOST = "$(BUNDLE_LOADER)";
				WRAPPER_EXTENSION = octest;
			};
			name = Debug;
		};
		D7C40F2C16BCAFCE0063E447 /* Release */ = {
			isa = XCBuildConfiguration;
			buildSettings = {
				BUNDLE_LOADER = "$(BUILT_PRODUCTS_DIR)/Biosparta.app/Biosparta";
				FRAMEWORK_SEARCH_PATHS = (
					"\"$(SDKROOT)/Developer/Library/Frameworks\"",
					"\"$(DEVELOPER_LIBRARY_DIR)/Frameworks\"",
				);
				GCC_PRECOMPILE_PREFIX_HEADER = YES;
				GCC_PREFIX_HEADER = "Biosparta/Biosparta-Prefix.pch";
				INFOPLIST_FILE = "BiospartaTests/BiospartaTests-Info.plist";
				PRODUCT_NAME = "$(TARGET_NAME)";
				TEST_HOST = "$(BUNDLE_LOADER)";
				WRAPPER_EXTENSION = octest;
			};
			name = Release;
		};
/* End XCBuildConfiguration section */

/* Begin XCConfigurationList section */
		D7C40EEE16BCAFCE0063E447 /* Build configuration list for PBXProject "Biosparta" */ = {
			isa = XCConfigurationList;
			buildConfigurations = (
				D7C40F2516BCAFCE0063E447 /* Debug */,
				D7C40F2616BCAFCE0063E447 /* Release */,
			);
			defaultConfigurationIsVisible = 0;
			defaultConfigurationName = Release;
		};
		D7C40F2716BCAFCE0063E447 /* Build configuration list for PBXNativeTarget "Biosparta" */ = {
			isa = XCConfigurationList;
			buildConfigurations = (
				D7C40F2816BCAFCE0063E447 /* Debug */,
				D7C40F2916BCAFCE0063E447 /* Release */,
			);
			defaultConfigurationIsVisible = 0;
			defaultConfigurationName = Release;
		};
		D7C40F2A16BCAFCE0063E447 /* Build configuration list for PBXNativeTarget "BiospartaTests" */ = {
			isa = XCConfigurationList;
			buildConfigurations = (
				D7C40F2B16BCAFCE0063E447 /* Debug */,
				D7C40F2C16BCAFCE0063E447 /* Release */,
			);
			defaultConfigurationIsVisible = 0;
			defaultConfigurationName = Release;
		};
/* End XCConfigurationList section */
	};
	rootObject = D7C40EEB16BCAFCE0063E447 /* Project object */;
}
